// !$*UTF8*$!
{
	archiveVersion = 1;
	classes = {
	};
	objectVersion = 46;
	objects = {

/* Begin PBXBuildFile section */
		A50DBCE61E72DB5C002DC44E /* StonePlatform.sks in Resources */ = {isa = PBXBuildFile; fileRef = A50DBCE51E72DB5C002DC44E /* StonePlatform.sks */; };
		A50DBCE81E72DD12002DC44E /* StonePlatform.swift in Sources */ = {isa = PBXBuildFile; fileRef = A50DBCE71E72DD12002DC44E /* StonePlatform.swift */; };
		A50DBCEA1E745389002DC44E /* LevelCompleteNode.swift in Sources */ = {isa = PBXBuildFile; fileRef = A50DBCE91E745389002DC44E /* LevelCompleteNode.swift */; };
		A513A5E31E2151A3003CD2C1 /* Level0.sks in Resources */ = {isa = PBXBuildFile; fileRef = A513A5E21E2151A3003CD2C1 /* Level0.sks */; };
		A513A5E51E2152B2003CD2C1 /* Level0.swift in Sources */ = {isa = PBXBuildFile; fileRef = A513A5E41E2152B2003CD2C1 /* Level0.swift */; };
		A513A5E71E2152BA003CD2C1 /* Level2.swift in Sources */ = {isa = PBXBuildFile; fileRef = A513A5E61E2152BA003CD2C1 /* Level2.swift */; };
		A513A5E91E21552F003CD2C1 /* TreasureChestNode.swift in Sources */ = {isa = PBXBuildFile; fileRef = A513A5E81E21552F003CD2C1 /* TreasureChestNode.swift */; };
		A513A5EE1E2159C8003CD2C1 /* LevelCompleteLabel.sks in Resources */ = {isa = PBXBuildFile; fileRef = A513A5ED1E2159C8003CD2C1 /* LevelCompleteLabel.sks */; };
		A513A5F01E215A78003CD2C1 /* LevelCompleteLabel.swift in Sources */ = {isa = PBXBuildFile; fileRef = A513A5EF1E215A78003CD2C1 /* LevelCompleteLabel.swift */; };
		A518235E1E0E109400DDE33A /* RockNode.swift in Sources */ = {isa = PBXBuildFile; fileRef = A518235D1E0E109400DDE33A /* RockNode.swift */; };
		A51823601E103D6800DDE33A /* BreakableRocks.sks in Resources */ = {isa = PBXBuildFile; fileRef = A518235F1E103D6800DDE33A /* BreakableRocks.sks */; };
		A51823621E10435D00DDE33A /* BreakableRocksNode.swift in Sources */ = {isa = PBXBuildFile; fileRef = A51823611E10435D00DDE33A /* BreakableRocksNode.swift */; };
		A51B845C1EDEE9E300EC53DB /* ChainedRotary.swift in Sources */ = {isa = PBXBuildFile; fileRef = A51B845B1EDEE9E300EC53DB /* ChainedRotary.swift */; };
		A51B845E1EDEF29400EC53DB /* ChainedRotary.sks in Resources */ = {isa = PBXBuildFile; fileRef = A51B845D1EDEF29400EC53DB /* ChainedRotary.sks */; };
		A52F29A11E18252F0098B37A /* InFlightTrackable.swift in Sources */ = {isa = PBXBuildFile; fileRef = A52F29A01E18252F0098B37A /* InFlightTrackable.swift */; };
		A53A0F731E65AF8D00761D88 /* LavaSection.sks in Resources */ = {isa = PBXBuildFile; fileRef = A53A0F721E65AF8D00761D88 /* LavaSection.sks */; };
		A53A0F751E65B0F800761D88 /* LavaSection.swift in Sources */ = {isa = PBXBuildFile; fileRef = A53A0F741E65B0F800761D88 /* LavaSection.swift */; };
		A53A0F771E65B1E700761D88 /* LavaParticle.sks in Resources */ = {isa = PBXBuildFile; fileRef = A53A0F761E65B1E700761D88 /* LavaParticle.sks */; };
		A54D04D21EC3434D00AC23E6 /* BreakableStones2.sks in Resources */ = {isa = PBXBuildFile; fileRef = A54D04D11EC3434D00AC23E6 /* BreakableStones2.sks */; };
		A55097D41EB8B36A00FC7F36 /* HeroBehaviorProtocols.swift in Sources */ = {isa = PBXBuildFile; fileRef = A55097D31EB8B36A00FC7F36 /* HeroBehaviorProtocols.swift */; };
		A5517F071ED5A564004140FD /* RotarySlider.sks in Resources */ = {isa = PBXBuildFile; fileRef = A5517F061ED5A564004140FD /* RotarySlider.sks */; };
		A5517F091ED5A571004140FD /* RotarySlider.swift in Sources */ = {isa = PBXBuildFile; fileRef = A5517F081ED5A571004140FD /* RotarySlider.swift */; };
		A5517F0C1ED84BAE004140FD /* VerticalRotarySlider.sks in Resources */ = {isa = PBXBuildFile; fileRef = A5517F0B1ED84BAE004140FD /* VerticalRotarySlider.sks */; };
		A55250C81E122DC200EED486 /* Definitions.swift in Sources */ = {isa = PBXBuildFile; fileRef = A55250C71E122DC200EED486 /* Definitions.swift */; };
		A55250CA1E122E2600EED486 /* ParticleFactory.swift in Sources */ = {isa = PBXBuildFile; fileRef = A55250C91E122E2600EED486 /* ParticleFactory.swift */; };
		A55250CC1E148BC100EED486 /* Level2.sks in Resources */ = {isa = PBXBuildFile; fileRef = A55250CB1E148BC100EED486 /* Level2.sks */; };
		A55D63711E324947007145C3 /* Platform2.sks in Resources */ = {isa = PBXBuildFile; fileRef = A55D63701E324947007145C3 /* Platform2.sks */; };
		A55D63741E32496D007145C3 /* PlatformNode.swift in Sources */ = {isa = PBXBuildFile; fileRef = A55D63731E32496D007145C3 /* PlatformNode.swift */; };
		A561F0961E8E73BA0028132F /* BreakableStones1.sks in Resources */ = {isa = PBXBuildFile; fileRef = A561F0951E8E73BA0028132F /* BreakableStones1.sks */; };
		A561F0981E8E74A40028132F /* BreakableStoneStructure.swift in Sources */ = {isa = PBXBuildFile; fileRef = A561F0971E8E74A40028132F /* BreakableStoneStructure.swift */; };
		A57305171EE6D09900AFE76E /* SlidingPlatform.sks in Resources */ = {isa = PBXBuildFile; fileRef = A57305161EE6D09900AFE76E /* SlidingPlatform.sks */; };
		A57305191EE6D1C200AFE76E /* SlidingPlatform.swift in Sources */ = {isa = PBXBuildFile; fileRef = A57305181EE6D1C200AFE76E /* SlidingPlatform.swift */; };
		A57A26B81E4CA9FA0071C4D9 /* MossyWall.sks in Resources */ = {isa = PBXBuildFile; fileRef = A57A26B71E4CA9FA0071C4D9 /* MossyWall.sks */; };
		A57D1E9E1E4F73AF00C41985 /* MossyWall.swift in Sources */ = {isa = PBXBuildFile; fileRef = A57D1E9D1E4F73AF00C41985 /* MossyWall.swift */; };
		A5808E681E5331CD007D3945 /* RewindSelector.swift in Sources */ = {isa = PBXBuildFile; fileRef = A5808E671E5331CD007D3945 /* RewindSelector.swift */; };
		A58149181E2BDA6C0091552E /* Rose.sks in Resources */ = {isa = PBXBuildFile; fileRef = A58149171E2BDA6C0091552E /* Rose.sks */; };
		A581491A1E2BDAD30091552E /* RoseNode.swift in Sources */ = {isa = PBXBuildFile; fileRef = A58149191E2BDAD30091552E /* RoseNode.swift */; };
		A5868FA41E0A042A00935E3B /* Wizard.sks in Resources */ = {isa = PBXBuildFile; fileRef = A5868FA31E0A042A00935E3B /* Wizard.sks */; };
		A5899B041E2EFD940044971F /* Floor.sks in Resources */ = {isa = PBXBuildFile; fileRef = A5899B031E2EFD940044971F /* Floor.sks */; };
		A5899B061E2FA6290044971F /* GameLoopListener.swift in Sources */ = {isa = PBXBuildFile; fileRef = A5899B051E2FA6290044971F /* GameLoopListener.swift */; };
		A58C690D1EDEE36B00ED9A11 /* ForegroundLayer3.sks in Resources */ = {isa = PBXBuildFile; fileRef = A58C690C1EDEE36B00ED9A11 /* ForegroundLayer3.sks */; };
		A59152C81EDC608A00F90D5E /* Assert+SKNode.swift in Sources */ = {isa = PBXBuildFile; fileRef = A59152C71EDC608A00F90D5E /* Assert+SKNode.swift */; };
		A59EF8F91EB51719003B5036 /* Level3.sks in Resources */ = {isa = PBXBuildFile; fileRef = A59EF8F81EB51719003B5036 /* Level3.sks */; };
		A59EF8FB1EB5172D003B5036 /* Level3.swift in Sources */ = {isa = PBXBuildFile; fileRef = A59EF8FA1EB5172D003B5036 /* Level3.swift */; };
		A59FB6881E0A081B00D1C915 /* WizardNode.swift in Sources */ = {isa = PBXBuildFile; fileRef = A59FB6871E0A081B00D1C915 /* WizardNode.swift */; };
		A59FB6961E0A088A00D1C915 /* CGFloat+Extensions.swift in Sources */ = {isa = PBXBuildFile; fileRef = A59FB68A1E0A088A00D1C915 /* CGFloat+Extensions.swift */; };
		A59FB6971E0A088A00D1C915 /* CGPoint+Extensions.swift in Sources */ = {isa = PBXBuildFile; fileRef = A59FB68B1E0A088A00D1C915 /* CGPoint+Extensions.swift */; };
		A59FB6981E0A088A00D1C915 /* CGVector+Extensions.swift in Sources */ = {isa = PBXBuildFile; fileRef = A59FB68C1E0A088A00D1C915 /* CGVector+Extensions.swift */; };
		A59FB6991E0A088A00D1C915 /* Int+Extensions.swift in Sources */ = {isa = PBXBuildFile; fileRef = A59FB68D1E0A088A00D1C915 /* Int+Extensions.swift */; };
		A59FB69A1E0A088A00D1C915 /* SKAction+Extensions.swift in Sources */ = {isa = PBXBuildFile; fileRef = A59FB68E1E0A088A00D1C915 /* SKAction+Extensions.swift */; };
		A59FB69B1E0A088A00D1C915 /* SKAction+SpecialEffects.swift in Sources */ = {isa = PBXBuildFile; fileRef = A59FB68F1E0A088A00D1C915 /* SKAction+SpecialEffects.swift */; };
		A59FB69C1E0A088A00D1C915 /* SKColor+Extensions.swift in Sources */ = {isa = PBXBuildFile; fileRef = A59FB6901E0A088A00D1C915 /* SKColor+Extensions.swift */; };
		A59FB69D1E0A088A00D1C915 /* SKNode+Extensions.swift in Sources */ = {isa = PBXBuildFile; fileRef = A59FB6911E0A088A00D1C915 /* SKNode+Extensions.swift */; };
		A59FB69E1E0A088A00D1C915 /* SKTAudio.swift in Sources */ = {isa = PBXBuildFile; fileRef = A59FB6921E0A088A00D1C915 /* SKTAudio.swift */; };
		A59FB69F1E0A088A00D1C915 /* SKTEffects.swift in Sources */ = {isa = PBXBuildFile; fileRef = A59FB6931E0A088A00D1C915 /* SKTEffects.swift */; };
		A59FB6A01E0A088A00D1C915 /* SKTTimingFunctions.swift in Sources */ = {isa = PBXBuildFile; fileRef = A59FB6941E0A088A00D1C915 /* SKTTimingFunctions.swift */; };
		A59FB6A11E0A088A00D1C915 /* Vector3.swift in Sources */ = {isa = PBXBuildFile; fileRef = A59FB6951E0A088A00D1C915 /* Vector3.swift */; };
		A59FB6A41E0A08C200D1C915 /* LifecycleListener.swift in Sources */ = {isa = PBXBuildFile; fileRef = A59FB6A31E0A08C200D1C915 /* LifecycleListener.swift */; };
		A59FB6A61E0A08DF00D1C915 /* GestureInteractive.swift in Sources */ = {isa = PBXBuildFile; fileRef = A59FB6A51E0A08DF00D1C915 /* GestureInteractive.swift */; };
		A59FB6A81E0A091400D1C915 /* LifecycleEmitter.swift in Sources */ = {isa = PBXBuildFile; fileRef = A59FB6A71E0A091400D1C915 /* LifecycleEmitter.swift */; };
		A59FB6AA1E0A13FA00D1C915 /* GroundNode.swift in Sources */ = {isa = PBXBuildFile; fileRef = A59FB6A91E0A13FA00D1C915 /* GroundNode.swift */; };
		A59FB6AC1E0A257600D1C915 /* CGSize+Extensions.swift in Sources */ = {isa = PBXBuildFile; fileRef = A59FB6AB1E0A257500D1C915 /* CGSize+Extensions.swift */; };
		A59FB6D21E0AD93D00D1C915 /* Blood.sks in Resources */ = {isa = PBXBuildFile; fileRef = A59FB6D11E0AD93D00D1C915 /* Blood.sks */; };
		A59FB6D41E0AD9D700D1C915 /* BloodNode.swift in Sources */ = {isa = PBXBuildFile; fileRef = A59FB6D31E0AD9D700D1C915 /* BloodNode.swift */; };
		A5AFBA1A1E1827AD00CE29E9 /* ArrowNode.swift in Sources */ = {isa = PBXBuildFile; fileRef = A5AFBA191E1827AD00CE29E9 /* ArrowNode.swift */; };
		A5AFBA1C1E1828F200CE29E9 /* SKTexture+Extensions.swift in Sources */ = {isa = PBXBuildFile; fileRef = A5AFBA1B1E1828F200CE29E9 /* SKTexture+Extensions.swift */; };
		A5B58EB71E09DC4900ADC865 /* AppDelegate.swift in Sources */ = {isa = PBXBuildFile; fileRef = A5B58EB61E09DC4900ADC865 /* AppDelegate.swift */; };
		A5B58EB91E09DC4900ADC865 /* Level1.sks in Resources */ = {isa = PBXBuildFile; fileRef = A5B58EB81E09DC4900ADC865 /* Level1.sks */; };
		A5B58EBD1E09DC4900ADC865 /* GameScene.swift in Sources */ = {isa = PBXBuildFile; fileRef = A5B58EBC1E09DC4900ADC865 /* GameScene.swift */; };
		A5B58EBF1E09DC4900ADC865 /* GameViewController.swift in Sources */ = {isa = PBXBuildFile; fileRef = A5B58EBE1E09DC4900ADC865 /* GameViewController.swift */; };
		A5B58EC21E09DC4900ADC865 /* Main.storyboard in Resources */ = {isa = PBXBuildFile; fileRef = A5B58EC01E09DC4900ADC865 /* Main.storyboard */; };
		A5B58EC41E09DC4900ADC865 /* Assets.xcassets in Resources */ = {isa = PBXBuildFile; fileRef = A5B58EC31E09DC4900ADC865 /* Assets.xcassets */; };
		A5B58EC71E09DC4900ADC865 /* LaunchScreen.storyboard in Resources */ = {isa = PBXBuildFile; fileRef = A5B58EC51E09DC4900ADC865 /* LaunchScreen.storyboard */; };
		A5B5BC941EA6351600F92F8A /* Snake.sks in Resources */ = {isa = PBXBuildFile; fileRef = A5B5BC931EA6351600F92F8A /* Snake.sks */; };
		A5B5BC961EA6371600F92F8A /* SnakeNode.swift in Sources */ = {isa = PBXBuildFile; fileRef = A5B5BC951EA6371600F92F8A /* SnakeNode.swift */; };
		A5B5BC991EA7872300F92F8A /* Enemy.swift in Sources */ = {isa = PBXBuildFile; fileRef = A5B5BC981EA7872300F92F8A /* Enemy.swift */; };
		A5BF10B71EC5E802005042D8 /* ForegroundLayer2.sks in Resources */ = {isa = PBXBuildFile; fileRef = A5BF10B61EC5E802005042D8 /* ForegroundLayer2.sks */; };
		A5C4BBB61E14A1AD002B0B18 /* Viking.sks in Resources */ = {isa = PBXBuildFile; fileRef = A5C4BBB51E14A1AD002B0B18 /* Viking.sks */; };
		A5C4BBB81E14C708002B0B18 /* VikingNode.swift in Sources */ = {isa = PBXBuildFile; fileRef = A5C4BBB71E14C708002B0B18 /* VikingNode.swift */; };
		A5C4BBBD1E16D2F7002B0B18 /* Game.swift in Sources */ = {isa = PBXBuildFile; fileRef = A5C4BBBC1E16D2F7002B0B18 /* Game.swift */; };
		A5C4BBBF1E16D51A002B0B18 /* GravityStateTracker.swift in Sources */ = {isa = PBXBuildFile; fileRef = A5C4BBBE1E16D51A002B0B18 /* GravityStateTracker.swift */; };
		A5C4BBC11E16D8FF002B0B18 /* Level1.swift in Sources */ = {isa = PBXBuildFile; fileRef = A5C4BBC01E16D8FF002B0B18 /* Level1.swift */; };
		A5C4BBC51E18101C002B0B18 /* GravityProjectile.sks in Resources */ = {isa = PBXBuildFile; fileRef = A5C4BBC41E18101C002B0B18 /* GravityProjectile.sks */; };
		A5C4BBC81E181177002B0B18 /* GravityProjectileTail.sks in Resources */ = {isa = PBXBuildFile; fileRef = A5C4BBC71E181177002B0B18 /* GravityProjectileTail.sks */; };
		A5C4BBCA1E181D24002B0B18 /* GravityProjectile.swift in Sources */ = {isa = PBXBuildFile; fileRef = A5C4BBC91E181D24002B0B18 /* GravityProjectile.swift */; };
		A5DC16051EDCB2C30000D92F /* Obstacle.swift in Sources */ = {isa = PBXBuildFile; fileRef = A5DC16041EDCB2C30000D92F /* Obstacle.swift */; };
		A5DF41391E93BF7C0084C222 /* DestructibleStone.swift in Sources */ = {isa = PBXBuildFile; fileRef = A5DF41381E93BF7C0084C222 /* DestructibleStone.swift */; };
		A5E3150D1E215E8D00D3652C /* GameLevel.swift in Sources */ = {isa = PBXBuildFile; fileRef = A5E3150C1E215E8D00D3652C /* GameLevel.swift */; };
		A5E3150F1E2166F100D3652C /* SKScene+Extensions.swift in Sources */ = {isa = PBXBuildFile; fileRef = A5E3150E1E2166F100D3652C /* SKScene+Extensions.swift */; };
		A5E3B73F1E27C030004F32A3 /* WeaponSelector.sks in Resources */ = {isa = PBXBuildFile; fileRef = A5E3B73E1E27C030004F32A3 /* WeaponSelector.sks */; };
		A5E3B7421E27C230004F32A3 /* WeaponSelector.swift in Sources */ = {isa = PBXBuildFile; fileRef = A5E3B7411E27C230004F32A3 /* WeaponSelector.swift */; };
		A5EE58CD1E5F1BB700D3D25B /* SKSpriteNode+Extensions.swift in Sources */ = {isa = PBXBuildFile; fileRef = A5EE58CC1E5F1BB700D3D25B /* SKSpriteNode+Extensions.swift */; };
/* End PBXBuildFile section */

/* Begin PBXFileReference section */
		A50DBCE51E72DB5C002DC44E /* StonePlatform.sks */ = {isa = PBXFileReference; lastKnownFileType = file.sks; path = StonePlatform.sks; sourceTree = "<group>"; };
		A50DBCE71E72DD12002DC44E /* StonePlatform.swift */ = {isa = PBXFileReference; fileEncoding = 4; lastKnownFileType = sourcecode.swift; path = StonePlatform.swift; sourceTree = "<group>"; };
		A50DBCE91E745389002DC44E /* LevelCompleteNode.swift */ = {isa = PBXFileReference; fileEncoding = 4; lastKnownFileType = sourcecode.swift; path = LevelCompleteNode.swift; sourceTree = "<group>"; };
		A513A5E21E2151A3003CD2C1 /* Level0.sks */ = {isa = PBXFileReference; lastKnownFileType = file.sks; name = Level0.sks; path = Scenes/Level0.sks; sourceTree = "<group>"; };
		A513A5E41E2152B2003CD2C1 /* Level0.swift */ = {isa = PBXFileReference; fileEncoding = 4; lastKnownFileType = sourcecode.swift; path = Level0.swift; sourceTree = "<group>"; };
		A513A5E61E2152BA003CD2C1 /* Level2.swift */ = {isa = PBXFileReference; fileEncoding = 4; lastKnownFileType = sourcecode.swift; path = Level2.swift; sourceTree = "<group>"; };
		A513A5E81E21552F003CD2C1 /* TreasureChestNode.swift */ = {isa = PBXFileReference; fileEncoding = 4; lastKnownFileType = sourcecode.swift; path = TreasureChestNode.swift; sourceTree = "<group>"; };
		A513A5ED1E2159C8003CD2C1 /* LevelCompleteLabel.sks */ = {isa = PBXFileReference; lastKnownFileType = file.sks; path = LevelCompleteLabel.sks; sourceTree = "<group>"; };
		A513A5EF1E215A78003CD2C1 /* LevelCompleteLabel.swift */ = {isa = PBXFileReference; fileEncoding = 4; lastKnownFileType = sourcecode.swift; path = LevelCompleteLabel.swift; sourceTree = "<group>"; };
		A518235D1E0E109400DDE33A /* RockNode.swift */ = {isa = PBXFileReference; fileEncoding = 4; lastKnownFileType = sourcecode.swift; name = RockNode.swift; path = Sprites/RockNode.swift; sourceTree = "<group>"; };
		A518235F1E103D6800DDE33A /* BreakableRocks.sks */ = {isa = PBXFileReference; lastKnownFileType = file.sks; path = BreakableRocks.sks; sourceTree = "<group>"; };
		A51823611E10435D00DDE33A /* BreakableRocksNode.swift */ = {isa = PBXFileReference; fileEncoding = 4; lastKnownFileType = sourcecode.swift; path = BreakableRocksNode.swift; sourceTree = "<group>"; };
		A51B845B1EDEE9E300EC53DB /* ChainedRotary.swift */ = {isa = PBXFileReference; fileEncoding = 4; lastKnownFileType = sourcecode.swift; path = ChainedRotary.swift; sourceTree = "<group>"; };
		A51B845D1EDEF29400EC53DB /* ChainedRotary.sks */ = {isa = PBXFileReference; lastKnownFileType = file.sks; path = ChainedRotary.sks; sourceTree = "<group>"; };
		A52F29A01E18252F0098B37A /* InFlightTrackable.swift */ = {isa = PBXFileReference; fileEncoding = 4; lastKnownFileType = sourcecode.swift; path = InFlightTrackable.swift; sourceTree = "<group>"; };
		A53A0F721E65AF8D00761D88 /* LavaSection.sks */ = {isa = PBXFileReference; lastKnownFileType = file.sks; path = LavaSection.sks; sourceTree = "<group>"; };
		A53A0F741E65B0F800761D88 /* LavaSection.swift */ = {isa = PBXFileReference; fileEncoding = 4; lastKnownFileType = sourcecode.swift; path = LavaSection.swift; sourceTree = "<group>"; };
		A53A0F761E65B1E700761D88 /* LavaParticle.sks */ = {isa = PBXFileReference; lastKnownFileType = file.sks; path = LavaParticle.sks; sourceTree = "<group>"; };
		A54D04D11EC3434D00AC23E6 /* BreakableStones2.sks */ = {isa = PBXFileReference; lastKnownFileType = file.sks; path = BreakableStones2.sks; sourceTree = "<group>"; };
		A55097D31EB8B36A00FC7F36 /* HeroBehaviorProtocols.swift */ = {isa = PBXFileReference; fileEncoding = 4; lastKnownFileType = sourcecode.swift; path = HeroBehaviorProtocols.swift; sourceTree = "<group>"; };
		A5517F061ED5A564004140FD /* RotarySlider.sks */ = {isa = PBXFileReference; lastKnownFileType = file.sks; path = RotarySlider.sks; sourceTree = "<group>"; };
		A5517F081ED5A571004140FD /* RotarySlider.swift */ = {isa = PBXFileReference; fileEncoding = 4; lastKnownFileType = sourcecode.swift; path = RotarySlider.swift; sourceTree = "<group>"; };
		A5517F0B1ED84BAE004140FD /* VerticalRotarySlider.sks */ = {isa = PBXFileReference; lastKnownFileType = file.sks; path = VerticalRotarySlider.sks; sourceTree = "<group>"; };
		A55250C71E122DC200EED486 /* Definitions.swift */ = {isa = PBXFileReference; fileEncoding = 4; lastKnownFileType = sourcecode.swift; path = Definitions.swift; sourceTree = "<group>"; };
		A55250C91E122E2600EED486 /* ParticleFactory.swift */ = {isa = PBXFileReference; fileEncoding = 4; lastKnownFileType = sourcecode.swift; path = ParticleFactory.swift; sourceTree = "<group>"; };
		A55250CB1E148BC100EED486 /* Level2.sks */ = {isa = PBXFileReference; lastKnownFileType = file.sks; name = Level2.sks; path = Scenes/Level2.sks; sourceTree = "<group>"; };
		A55D63701E324947007145C3 /* Platform2.sks */ = {isa = PBXFileReference; lastKnownFileType = file.sks; path = Platform2.sks; sourceTree = "<group>"; };
		A55D63731E32496D007145C3 /* PlatformNode.swift */ = {isa = PBXFileReference; fileEncoding = 4; lastKnownFileType = sourcecode.swift; path = PlatformNode.swift; sourceTree = "<group>"; };
		A561F0951E8E73BA0028132F /* BreakableStones1.sks */ = {isa = PBXFileReference; lastKnownFileType = file.sks; path = BreakableStones1.sks; sourceTree = "<group>"; };
		A561F0971E8E74A40028132F /* BreakableStoneStructure.swift */ = {isa = PBXFileReference; fileEncoding = 4; lastKnownFileType = sourcecode.swift; path = BreakableStoneStructure.swift; sourceTree = "<group>"; };
		A57305161EE6D09900AFE76E /* SlidingPlatform.sks */ = {isa = PBXFileReference; lastKnownFileType = file.sks; path = SlidingPlatform.sks; sourceTree = "<group>"; };
		A57305181EE6D1C200AFE76E /* SlidingPlatform.swift */ = {isa = PBXFileReference; fileEncoding = 4; lastKnownFileType = sourcecode.swift; path = SlidingPlatform.swift; sourceTree = "<group>"; };
		A57A26B71E4CA9FA0071C4D9 /* MossyWall.sks */ = {isa = PBXFileReference; lastKnownFileType = file.sks; path = MossyWall.sks; sourceTree = "<group>"; };
		A57D1E9D1E4F73AF00C41985 /* MossyWall.swift */ = {isa = PBXFileReference; fileEncoding = 4; lastKnownFileType = sourcecode.swift; path = MossyWall.swift; sourceTree = "<group>"; };
		A5808E671E5331CD007D3945 /* RewindSelector.swift */ = {isa = PBXFileReference; fileEncoding = 4; lastKnownFileType = sourcecode.swift; path = RewindSelector.swift; sourceTree = "<group>"; };
		A58149171E2BDA6C0091552E /* Rose.sks */ = {isa = PBXFileReference; lastKnownFileType = file.sks; path = Rose.sks; sourceTree = "<group>"; };
		A58149191E2BDAD30091552E /* RoseNode.swift */ = {isa = PBXFileReference; fileEncoding = 4; lastKnownFileType = sourcecode.swift; path = RoseNode.swift; sourceTree = "<group>"; };
		A5868FA31E0A042A00935E3B /* Wizard.sks */ = {isa = PBXFileReference; lastKnownFileType = file.sks; name = Wizard.sks; path = Scenes/Wizard.sks; sourceTree = "<group>"; };
		A5899B031E2EFD940044971F /* Floor.sks */ = {isa = PBXFileReference; lastKnownFileType = file.sks; path = Floor.sks; sourceTree = "<group>"; };
		A5899B051E2FA6290044971F /* GameLoopListener.swift */ = {isa = PBXFileReference; fileEncoding = 4; lastKnownFileType = sourcecode.swift; path = GameLoopListener.swift; sourceTree = "<group>"; };
		A58C690C1EDEE36B00ED9A11 /* ForegroundLayer3.sks */ = {isa = PBXFileReference; lastKnownFileType = file.sks; path = ForegroundLayer3.sks; sourceTree = "<group>"; };
		A59152C71EDC608A00F90D5E /* Assert+SKNode.swift */ = {isa = PBXFileReference; fileEncoding = 4; lastKnownFileType = sourcecode.swift; path = "Assert+SKNode.swift"; sourceTree = "<group>"; };
		A59EF8F81EB51719003B5036 /* Level3.sks */ = {isa = PBXFileReference; lastKnownFileType = file.sks; path = Level3.sks; sourceTree = "<group>"; };
		A59EF8FA1EB5172D003B5036 /* Level3.swift */ = {isa = PBXFileReference; fileEncoding = 4; lastKnownFileType = sourcecode.swift; path = Level3.swift; sourceTree = "<group>"; };
		A59FB6871E0A081B00D1C915 /* WizardNode.swift */ = {isa = PBXFileReference; fileEncoding = 4; lastKnownFileType = sourcecode.swift; name = WizardNode.swift; path = Sprites/WizardNode.swift; sourceTree = "<group>"; };
		A59FB68A1E0A088A00D1C915 /* CGFloat+Extensions.swift */ = {isa = PBXFileReference; fileEncoding = 4; lastKnownFileType = sourcecode.swift; path = "CGFloat+Extensions.swift"; sourceTree = "<group>"; };
		A59FB68B1E0A088A00D1C915 /* CGPoint+Extensions.swift */ = {isa = PBXFileReference; fileEncoding = 4; lastKnownFileType = sourcecode.swift; path = "CGPoint+Extensions.swift"; sourceTree = "<group>"; };
		A59FB68C1E0A088A00D1C915 /* CGVector+Extensions.swift */ = {isa = PBXFileReference; fileEncoding = 4; lastKnownFileType = sourcecode.swift; path = "CGVector+Extensions.swift"; sourceTree = "<group>"; };
		A59FB68D1E0A088A00D1C915 /* Int+Extensions.swift */ = {isa = PBXFileReference; fileEncoding = 4; lastKnownFileType = sourcecode.swift; path = "Int+Extensions.swift"; sourceTree = "<group>"; };
		A59FB68E1E0A088A00D1C915 /* SKAction+Extensions.swift */ = {isa = PBXFileReference; fileEncoding = 4; lastKnownFileType = sourcecode.swift; path = "SKAction+Extensions.swift"; sourceTree = "<group>"; };
		A59FB68F1E0A088A00D1C915 /* SKAction+SpecialEffects.swift */ = {isa = PBXFileReference; fileEncoding = 4; lastKnownFileType = sourcecode.swift; path = "SKAction+SpecialEffects.swift"; sourceTree = "<group>"; };
		A59FB6901E0A088A00D1C915 /* SKColor+Extensions.swift */ = {isa = PBXFileReference; fileEncoding = 4; lastKnownFileType = sourcecode.swift; path = "SKColor+Extensions.swift"; sourceTree = "<group>"; };
		A59FB6911E0A088A00D1C915 /* SKNode+Extensions.swift */ = {isa = PBXFileReference; fileEncoding = 4; lastKnownFileType = sourcecode.swift; path = "SKNode+Extensions.swift"; sourceTree = "<group>"; };
		A59FB6921E0A088A00D1C915 /* SKTAudio.swift */ = {isa = PBXFileReference; fileEncoding = 4; lastKnownFileType = sourcecode.swift; path = SKTAudio.swift; sourceTree = "<group>"; };
		A59FB6931E0A088A00D1C915 /* SKTEffects.swift */ = {isa = PBXFileReference; fileEncoding = 4; lastKnownFileType = sourcecode.swift; path = SKTEffects.swift; sourceTree = "<group>"; };
		A59FB6941E0A088A00D1C915 /* SKTTimingFunctions.swift */ = {isa = PBXFileReference; fileEncoding = 4; lastKnownFileType = sourcecode.swift; path = SKTTimingFunctions.swift; sourceTree = "<group>"; };
		A59FB6951E0A088A00D1C915 /* Vector3.swift */ = {isa = PBXFileReference; fileEncoding = 4; lastKnownFileType = sourcecode.swift; path = Vector3.swift; sourceTree = "<group>"; };
		A59FB6A31E0A08C200D1C915 /* LifecycleListener.swift */ = {isa = PBXFileReference; fileEncoding = 4; lastKnownFileType = sourcecode.swift; name = LifecycleListener.swift; path = Protocols/LifecycleListener.swift; sourceTree = "<group>"; };
		A59FB6A51E0A08DF00D1C915 /* GestureInteractive.swift */ = {isa = PBXFileReference; fileEncoding = 4; lastKnownFileType = sourcecode.swift; name = GestureInteractive.swift; path = Protocols/GestureInteractive.swift; sourceTree = "<group>"; };
		A59FB6A71E0A091400D1C915 /* LifecycleEmitter.swift */ = {isa = PBXFileReference; fileEncoding = 4; lastKnownFileType = sourcecode.swift; name = LifecycleEmitter.swift; path = Protocols/LifecycleEmitter.swift; sourceTree = "<group>"; };
		A59FB6A91E0A13FA00D1C915 /* GroundNode.swift */ = {isa = PBXFileReference; fileEncoding = 4; lastKnownFileType = sourcecode.swift; name = GroundNode.swift; path = Sprites/GroundNode.swift; sourceTree = "<group>"; };
		A59FB6AB1E0A257500D1C915 /* CGSize+Extensions.swift */ = {isa = PBXFileReference; fileEncoding = 4; lastKnownFileType = sourcecode.swift; path = "CGSize+Extensions.swift"; sourceTree = "<group>"; };
		A59FB6D11E0AD93D00D1C915 /* Blood.sks */ = {isa = PBXFileReference; lastKnownFileType = file.sks; path = Blood.sks; sourceTree = "<group>"; };
		A59FB6D31E0AD9D700D1C915 /* BloodNode.swift */ = {isa = PBXFileReference; fileEncoding = 4; lastKnownFileType = sourcecode.swift; path = BloodNode.swift; sourceTree = "<group>"; };
		A5AFBA191E1827AD00CE29E9 /* ArrowNode.swift */ = {isa = PBXFileReference; fileEncoding = 4; lastKnownFileType = sourcecode.swift; path = ArrowNode.swift; sourceTree = "<group>"; };
		A5AFBA1B1E1828F200CE29E9 /* SKTexture+Extensions.swift */ = {isa = PBXFileReference; fileEncoding = 4; lastKnownFileType = sourcecode.swift; path = "SKTexture+Extensions.swift"; sourceTree = "<group>"; };
		A5B58EB31E09DC4900ADC865 /* Rose.app */ = {isa = PBXFileReference; explicitFileType = wrapper.application; includeInIndex = 0; path = Rose.app; sourceTree = BUILT_PRODUCTS_DIR; };
		A5B58EB61E09DC4900ADC865 /* AppDelegate.swift */ = {isa = PBXFileReference; lastKnownFileType = sourcecode.swift; path = AppDelegate.swift; sourceTree = "<group>"; };
		A5B58EB81E09DC4900ADC865 /* Level1.sks */ = {isa = PBXFileReference; lastKnownFileType = file.sks; name = Level1.sks; path = Scenes/Level1.sks; sourceTree = "<group>"; };
		A5B58EBC1E09DC4900ADC865 /* GameScene.swift */ = {isa = PBXFileReference; lastKnownFileType = sourcecode.swift; path = GameScene.swift; sourceTree = "<group>"; };
		A5B58EBE1E09DC4900ADC865 /* GameViewController.swift */ = {isa = PBXFileReference; lastKnownFileType = sourcecode.swift; path = GameViewController.swift; sourceTree = "<group>"; };
		A5B58EC11E09DC4900ADC865 /* Base */ = {isa = PBXFileReference; lastKnownFileType = file.storyboard; name = Base; path = Base.lproj/Main.storyboard; sourceTree = "<group>"; };
		A5B58EC31E09DC4900ADC865 /* Assets.xcassets */ = {isa = PBXFileReference; lastKnownFileType = folder.assetcatalog; path = Assets.xcassets; sourceTree = "<group>"; };
		A5B58EC61E09DC4900ADC865 /* Base */ = {isa = PBXFileReference; lastKnownFileType = file.storyboard; name = Base; path = Base.lproj/LaunchScreen.storyboard; sourceTree = "<group>"; };
		A5B58EC81E09DC4900ADC865 /* Info.plist */ = {isa = PBXFileReference; lastKnownFileType = text.plist.xml; path = Info.plist; sourceTree = "<group>"; };
		A5B5BC931EA6351600F92F8A /* Snake.sks */ = {isa = PBXFileReference; lastKnownFileType = file.sks; path = Snake.sks; sourceTree = "<group>"; };
		A5B5BC951EA6371600F92F8A /* SnakeNode.swift */ = {isa = PBXFileReference; fileEncoding = 4; lastKnownFileType = sourcecode.swift; path = SnakeNode.swift; sourceTree = "<group>"; };
		A5B5BC981EA7872300F92F8A /* Enemy.swift */ = {isa = PBXFileReference; fileEncoding = 4; lastKnownFileType = sourcecode.swift; path = Enemy.swift; sourceTree = "<group>"; };
		A5BF10B61EC5E802005042D8 /* ForegroundLayer2.sks */ = {isa = PBXFileReference; lastKnownFileType = file.sks; path = ForegroundLayer2.sks; sourceTree = "<group>"; };
		A5C4BBB51E14A1AD002B0B18 /* Viking.sks */ = {isa = PBXFileReference; lastKnownFileType = file.sks; path = Viking.sks; sourceTree = "<group>"; };
		A5C4BBB71E14C708002B0B18 /* VikingNode.swift */ = {isa = PBXFileReference; fileEncoding = 4; lastKnownFileType = sourcecode.swift; path = VikingNode.swift; sourceTree = "<group>"; };
		A5C4BBBC1E16D2F7002B0B18 /* Game.swift */ = {isa = PBXFileReference; fileEncoding = 4; lastKnownFileType = sourcecode.swift; path = Game.swift; sourceTree = "<group>"; };
		A5C4BBBE1E16D51A002B0B18 /* GravityStateTracker.swift */ = {isa = PBXFileReference; fileEncoding = 4; lastKnownFileType = sourcecode.swift; path = GravityStateTracker.swift; sourceTree = "<group>"; };
		A5C4BBC01E16D8FF002B0B18 /* Level1.swift */ = {isa = PBXFileReference; fileEncoding = 4; lastKnownFileType = sourcecode.swift; path = Level1.swift; sourceTree = "<group>"; };
		A5C4BBC41E18101C002B0B18 /* GravityProjectile.sks */ = {isa = PBXFileReference; lastKnownFileType = file.sks; path = GravityProjectile.sks; sourceTree = "<group>"; };
		A5C4BBC71E181177002B0B18 /* GravityProjectileTail.sks */ = {isa = PBXFileReference; lastKnownFileType = file.sks; path = GravityProjectileTail.sks; sourceTree = "<group>"; };
		A5C4BBC91E181D24002B0B18 /* GravityProjectile.swift */ = {isa = PBXFileReference; fileEncoding = 4; lastKnownFileType = sourcecode.swift; path = GravityProjectile.swift; sourceTree = "<group>"; };
		A5DC16041EDCB2C30000D92F /* Obstacle.swift */ = {isa = PBXFileReference; fileEncoding = 4; lastKnownFileType = sourcecode.swift; path = Obstacle.swift; sourceTree = "<group>"; };
		A5DF41381E93BF7C0084C222 /* DestructibleStone.swift */ = {isa = PBXFileReference; fileEncoding = 4; lastKnownFileType = sourcecode.swift; path = DestructibleStone.swift; sourceTree = "<group>"; };
		A5E3150C1E215E8D00D3652C /* GameLevel.swift */ = {isa = PBXFileReference; fileEncoding = 4; lastKnownFileType = sourcecode.swift; path = GameLevel.swift; sourceTree = "<group>"; };
		A5E3150E1E2166F100D3652C /* SKScene+Extensions.swift */ = {isa = PBXFileReference; fileEncoding = 4; lastKnownFileType = sourcecode.swift; path = "SKScene+Extensions.swift"; sourceTree = "<group>"; };
		A5E3B73E1E27C030004F32A3 /* WeaponSelector.sks */ = {isa = PBXFileReference; lastKnownFileType = file.sks; path = WeaponSelector.sks; sourceTree = "<group>"; };
		A5E3B7411E27C230004F32A3 /* WeaponSelector.swift */ = {isa = PBXFileReference; fileEncoding = 4; lastKnownFileType = sourcecode.swift; path = WeaponSelector.swift; sourceTree = "<group>"; };
		A5EE58CC1E5F1BB700D3D25B /* SKSpriteNode+Extensions.swift */ = {isa = PBXFileReference; fileEncoding = 4; lastKnownFileType = sourcecode.swift; path = "SKSpriteNode+Extensions.swift"; sourceTree = "<group>"; };
/* End PBXFileReference section */

/* Begin PBXFrameworksBuildPhase section */
		A5B58EB01E09DC4900ADC865 /* Frameworks */ = {
			isa = PBXFrameworksBuildPhase;
			buildActionMask = 2147483647;
			files = (
			);
			runOnlyForDeploymentPostprocessing = 0;
		};
/* End PBXFrameworksBuildPhase section */

/* Begin PBXGroup section */
		A513A5EA1E215923003CD2C1 /* Levels */ = {
			isa = PBXGroup;
			children = (
				A5BF10B51EC5E7CD005042D8 /* Level3 */,
				A513A5E21E2151A3003CD2C1 /* Level0.sks */,
				A5B58EB81E09DC4900ADC865 /* Level1.sks */,
				A55250CB1E148BC100EED486 /* Level2.sks */,
			);
			name = Levels;
			sourceTree = "<group>";
		};
		A513A5EB1E21592F003CD2C1 /* Sprites */ = {
			isa = PBXGroup;
			children = (
				A5899B021E2EFD5E0044971F /* World */,
				A5899B011E2EFD570044971F /* Characters */,
			);
			name = Sprites;
			sourceTree = "<group>";
		};
		A513A5EC1E21593A003CD2C1 /* Labels */ = {
			isa = PBXGroup;
			children = (
				A513A5ED1E2159C8003CD2C1 /* LevelCompleteLabel.sks */,
				A5E3B73E1E27C030004F32A3 /* WeaponSelector.sks */,
			);
			name = Labels;
			sourceTree = "<group>";
		};
		A51B845A1EDEE9C300EC53DB /* ChainedRotary */ = {
			isa = PBXGroup;
			children = (
				A51B845D1EDEF29400EC53DB /* ChainedRotary.sks */,
			);
			name = ChainedRotary;
			sourceTree = "<group>";
		};
		A5517F0A1ED84B8A004140FD /* RotarySlider */ = {
			isa = PBXGroup;
			children = (
				A5517F061ED5A564004140FD /* RotarySlider.sks */,
				A5517F0B1ED84BAE004140FD /* VerticalRotarySlider.sks */,
			);
			name = RotarySlider;
			sourceTree = "<group>";
		};
		A55250C61E122D9400EED486 /* Engine */ = {
			isa = PBXGroup;
			children = (
				A55250C71E122DC200EED486 /* Definitions.swift */,
				A55250C91E122E2600EED486 /* ParticleFactory.swift */,
			);
			name = Engine;
			sourceTree = "<group>";
		};
		A57305151EE6D06700AFE76E /* SlidingPlatform */ = {
			isa = PBXGroup;
			children = (
				A57305161EE6D09900AFE76E /* SlidingPlatform.sks */,
			);
			name = SlidingPlatform;
			sourceTree = "<group>";
		};
		A581491B1E2BDBBA0091552E /* Characters */ = {
			isa = PBXGroup;
			children = (
				A5B5BC971EA7870B00F92F8A /* Enemies */,
				A5C4BBB71E14C708002B0B18 /* VikingNode.swift */,
				A58149191E2BDAD30091552E /* RoseNode.swift */,
			);
			name = Characters;
			sourceTree = "<group>";
		};
		A581491C1E2BDBC80091552E /* Environment */ = {
			isa = PBXGroup;
			children = (
				A513A5E81E21552F003CD2C1 /* TreasureChestNode.swift */,
				A59FB6A91E0A13FA00D1C915 /* GroundNode.swift */,
				A59FB6D31E0AD9D700D1C915 /* BloodNode.swift */,
				A518235D1E0E109400DDE33A /* RockNode.swift */,
				A51823611E10435D00DDE33A /* BreakableRocksNode.swift */,
				A55D63731E32496D007145C3 /* PlatformNode.swift */,
				A57D1E9D1E4F73AF00C41985 /* MossyWall.swift */,
				A53A0F741E65B0F800761D88 /* LavaSection.swift */,
				A50DBCE71E72DD12002DC44E /* StonePlatform.swift */,
				A50DBCE91E745389002DC44E /* LevelCompleteNode.swift */,
				A561F0971E8E74A40028132F /* BreakableStoneStructure.swift */,
				A5DF41381E93BF7C0084C222 /* DestructibleStone.swift */,
				A5517F081ED5A571004140FD /* RotarySlider.swift */,
				A51B845B1EDEE9E300EC53DB /* ChainedRotary.swift */,
				A57305181EE6D1C200AFE76E /* SlidingPlatform.swift */,
			);
			name = Environment;
			sourceTree = "<group>";
		};
		A581491D1E2BDBDE0091552E /* Projectiles */ = {
			isa = PBXGroup;
			children = (
				A5C4BBC91E181D24002B0B18 /* GravityProjectile.swift */,
				A5AFBA191E1827AD00CE29E9 /* ArrowNode.swift */,
			);
			name = Projectiles;
			sourceTree = "<group>";
		};
		A5868FA51E0A042E00935E3B /* Scenes */ = {
			isa = PBXGroup;
			children = (
				A513A5EC1E21593A003CD2C1 /* Labels */,
				A513A5EB1E21592F003CD2C1 /* Sprites */,
				A513A5EA1E215923003CD2C1 /* Levels */,
				A5C4BBC61E181163002B0B18 /* Emitters */,
			);
			name = Scenes;
			sourceTree = "<group>";
		};
		A5868FA61E0A060400935E3B /* Sprites */ = {
			isa = PBXGroup;
			children = (
				A581491D1E2BDBDE0091552E /* Projectiles */,
				A581491C1E2BDBC80091552E /* Environment */,
				A581491B1E2BDBBA0091552E /* Characters */,
				A5E3B7401E27C21B004F32A3 /* HUD */,
			);
			name = Sprites;
			sourceTree = "<group>";
		};
		A5899B011E2EFD570044971F /* Characters */ = {
			isa = PBXGroup;
			children = (
				A5868FA31E0A042A00935E3B /* Wizard.sks */,
				A5C4BBB51E14A1AD002B0B18 /* Viking.sks */,
				A58149171E2BDA6C0091552E /* Rose.sks */,
				A5B5BC931EA6351600F92F8A /* Snake.sks */,
			);
			name = Characters;
			sourceTree = "<group>";
		};
		A5899B021E2EFD5E0044971F /* World */ = {
			isa = PBXGroup;
			children = (
				A57305151EE6D06700AFE76E /* SlidingPlatform */,
				A51B845A1EDEE9C300EC53DB /* ChainedRotary */,
				A5517F0A1ED84B8A004140FD /* RotarySlider */,
				A5899B031E2EFD940044971F /* Floor.sks */,
				A59FB6D11E0AD93D00D1C915 /* Blood.sks */,
				A518235F1E103D6800DDE33A /* BreakableRocks.sks */,
				A5C4BBC41E18101C002B0B18 /* GravityProjectile.sks */,
				A55D63701E324947007145C3 /* Platform2.sks */,
				A57A26B71E4CA9FA0071C4D9 /* MossyWall.sks */,
				A53A0F721E65AF8D00761D88 /* LavaSection.sks */,
				A50DBCE51E72DB5C002DC44E /* StonePlatform.sks */,
				A561F0951E8E73BA0028132F /* BreakableStones1.sks */,
				A54D04D11EC3434D00AC23E6 /* BreakableStones2.sks */,
			);
			name = World;
			sourceTree = "<group>";
		};
		A59FB6891E0A088A00D1C915 /* SKTUtils */ = {
			isa = PBXGroup;
			children = (
				A59FB68A1E0A088A00D1C915 /* CGFloat+Extensions.swift */,
				A59FB68B1E0A088A00D1C915 /* CGPoint+Extensions.swift */,
				A59FB68C1E0A088A00D1C915 /* CGVector+Extensions.swift */,
				A59FB68D1E0A088A00D1C915 /* Int+Extensions.swift */,
				A59FB68E1E0A088A00D1C915 /* SKAction+Extensions.swift */,
				A59FB68F1E0A088A00D1C915 /* SKAction+SpecialEffects.swift */,
				A59FB6901E0A088A00D1C915 /* SKColor+Extensions.swift */,
				A59FB6911E0A088A00D1C915 /* SKNode+Extensions.swift */,
				A59FB6921E0A088A00D1C915 /* SKTAudio.swift */,
				A59FB6931E0A088A00D1C915 /* SKTEffects.swift */,
				A59FB6941E0A088A00D1C915 /* SKTTimingFunctions.swift */,
				A59FB6951E0A088A00D1C915 /* Vector3.swift */,
				A59FB6AB1E0A257500D1C915 /* CGSize+Extensions.swift */,
				A5AFBA1B1E1828F200CE29E9 /* SKTexture+Extensions.swift */,
				A5E3150E1E2166F100D3652C /* SKScene+Extensions.swift */,
				A5EE58CC1E5F1BB700D3D25B /* SKSpriteNode+Extensions.swift */,
				A59152C71EDC608A00F90D5E /* Assert+SKNode.swift */,
			);
			path = SKTUtils;
			sourceTree = "<group>";
		};
		A59FB6A21E0A08A800D1C915 /* Protocols */ = {
			isa = PBXGroup;
			children = (
				A5C4BBBE1E16D51A002B0B18 /* GravityStateTracker.swift */,
				A5C4BBBC1E16D2F7002B0B18 /* Game.swift */,
				A59FB6A31E0A08C200D1C915 /* LifecycleListener.swift */,
				A59FB6A51E0A08DF00D1C915 /* GestureInteractive.swift */,
				A59FB6A71E0A091400D1C915 /* LifecycleEmitter.swift */,
				A52F29A01E18252F0098B37A /* InFlightTrackable.swift */,
				A5E3150C1E215E8D00D3652C /* GameLevel.swift */,
				A5899B051E2FA6290044971F /* GameLoopListener.swift */,
				A55097D31EB8B36A00FC7F36 /* HeroBehaviorProtocols.swift */,
				A5DC16041EDCB2C30000D92F /* Obstacle.swift */,
			);
			name = Protocols;
			sourceTree = "<group>";
		};
		A5B58EAA1E09DC4900ADC865 = {
			isa = PBXGroup;
			children = (
				A5B58EB51E09DC4900ADC865 /* GravityWizard2 */,
				A5B58EB41E09DC4900ADC865 /* Products */,
			);
			sourceTree = "<group>";
		};
		A5B58EB41E09DC4900ADC865 /* Products */ = {
			isa = PBXGroup;
			children = (
				A5B58EB31E09DC4900ADC865 /* Rose.app */,
			);
			name = Products;
			sourceTree = "<group>";
		};
		A5B58EB51E09DC4900ADC865 /* GravityWizard2 */ = {
			isa = PBXGroup;
			children = (
				A5C4BBBB1E16D2E2002B0B18 /* Game */,
				A55250C61E122D9400EED486 /* Engine */,
				A59FB6A21E0A08A800D1C915 /* Protocols */,
				A59FB6891E0A088A00D1C915 /* SKTUtils */,
				A5868FA61E0A060400935E3B /* Sprites */,
				A5868FA51E0A042E00935E3B /* Scenes */,
				A5B58EB61E09DC4900ADC865 /* AppDelegate.swift */,
				A5B58EBE1E09DC4900ADC865 /* GameViewController.swift */,
				A5B58EC01E09DC4900ADC865 /* Main.storyboard */,
				A5B58EC31E09DC4900ADC865 /* Assets.xcassets */,
				A5B58EC51E09DC4900ADC865 /* LaunchScreen.storyboard */,
				A5B58EC81E09DC4900ADC865 /* Info.plist */,
			);
			path = GravityWizard2;
			sourceTree = "<group>";
		};
		A5B5BC971EA7870B00F92F8A /* Enemies */ = {
			isa = PBXGroup;
			children = (
				A59FB6871E0A081B00D1C915 /* WizardNode.swift */,
				A5B5BC951EA6371600F92F8A /* SnakeNode.swift */,
				A5B5BC981EA7872300F92F8A /* Enemy.swift */,
			);
			name = Enemies;
			sourceTree = "<group>";
		};
		A5BF10B51EC5E7CD005042D8 /* Level3 */ = {
			isa = PBXGroup;
			children = (
				A59EF8F81EB51719003B5036 /* Level3.sks */,
				A5BF10B61EC5E802005042D8 /* ForegroundLayer2.sks */,
				A58C690C1EDEE36B00ED9A11 /* ForegroundLayer3.sks */,
			);
			name = Level3;
			sourceTree = "<group>";
		};
		A5C4BBBB1E16D2E2002B0B18 /* Game */ = {
			isa = PBXGroup;
			children = (
				A5B58EBC1E09DC4900ADC865 /* GameScene.swift */,
				A513A5E41E2152B2003CD2C1 /* Level0.swift */,
				A5C4BBC01E16D8FF002B0B18 /* Level1.swift */,
				A513A5E61E2152BA003CD2C1 /* Level2.swift */,
				A59EF8FA1EB5172D003B5036 /* Level3.swift */,
			);
			name = Game;
			sourceTree = "<group>";
		};
		A5C4BBC61E181163002B0B18 /* Emitters */ = {
			isa = PBXGroup;
			children = (
				A5C4BBC71E181177002B0B18 /* GravityProjectileTail.sks */,
				A53A0F761E65B1E700761D88 /* LavaParticle.sks */,
			);
			name = Emitters;
			sourceTree = "<group>";
		};
		A5E3B7401E27C21B004F32A3 /* HUD */ = {
			isa = PBXGroup;
			children = (
				A513A5EF1E215A78003CD2C1 /* LevelCompleteLabel.swift */,
				A5E3B7411E27C230004F32A3 /* WeaponSelector.swift */,
				A5808E671E5331CD007D3945 /* RewindSelector.swift */,
			);
			name = HUD;
			sourceTree = "<group>";
		};
/* End PBXGroup section */

/* Begin PBXNativeTarget section */
		A5B58EB21E09DC4900ADC865 /* GravityWizard2 */ = {
			isa = PBXNativeTarget;
			buildConfigurationList = A5B58ECB1E09DC4900ADC865 /* Build configuration list for PBXNativeTarget "GravityWizard2" */;
			buildPhases = (
				A5B58EAF1E09DC4900ADC865 /* Sources */,
				A5B58EB01E09DC4900ADC865 /* Frameworks */,
				A5B58EB11E09DC4900ADC865 /* Resources */,
			);
			buildRules = (
			);
			dependencies = (
			);
			name = GravityWizard2;
			productName = GravityWizard2;
			productReference = A5B58EB31E09DC4900ADC865 /* Rose.app */;
			productType = "com.apple.product-type.application";
		};
/* End PBXNativeTarget section */

/* Begin PBXProject section */
		A5B58EAB1E09DC4900ADC865 /* Project object */ = {
			isa = PBXProject;
			attributes = {
				LastSwiftUpdateCheck = 0820;
				LastUpgradeCheck = 0820;
				ORGANIZATIONNAME = "scott mehus";
				TargetAttributes = {
					A5B58EB21E09DC4900ADC865 = {
						CreatedOnToolsVersion = 8.2;
						DevelopmentTeam = 4HWQ95CTCF;
						ProvisioningStyle = Automatic;
					};
				};
			};
			buildConfigurationList = A5B58EAE1E09DC4900ADC865 /* Build configuration list for PBXProject "GravityWizard2" */;
			compatibilityVersion = "Xcode 3.2";
			developmentRegion = English;
			hasScannedForEncodings = 0;
			knownRegions = (
				en,
				Base,
			);
			mainGroup = A5B58EAA1E09DC4900ADC865;
			productRefGroup = A5B58EB41E09DC4900ADC865 /* Products */;
			projectDirPath = "";
			projectRoot = "";
			targets = (
				A5B58EB21E09DC4900ADC865 /* GravityWizard2 */,
			);
		};
/* End PBXProject section */

/* Begin PBXResourcesBuildPhase section */
		A5B58EB11E09DC4900ADC865 /* Resources */ = {
			isa = PBXResourcesBuildPhase;
			buildActionMask = 2147483647;
			files = (
				A59FB6D21E0AD93D00D1C915 /* Blood.sks in Resources */,
				A5868FA41E0A042A00935E3B /* Wizard.sks in Resources */,
				A51823601E103D6800DDE33A /* BreakableRocks.sks in Resources */,
				A57A26B81E4CA9FA0071C4D9 /* MossyWall.sks in Resources */,
				A55D63711E324947007145C3 /* Platform2.sks in Resources */,
				A58149181E2BDA6C0091552E /* Rose.sks in Resources */,
				A50DBCE61E72DB5C002DC44E /* StonePlatform.sks in Resources */,
				A5C4BBB61E14A1AD002B0B18 /* Viking.sks in Resources */,
				A5B5BC941EA6351600F92F8A /* Snake.sks in Resources */,
				A5E3B73F1E27C030004F32A3 /* WeaponSelector.sks in Resources */,
				A55250CC1E148BC100EED486 /* Level2.sks in Resources */,
				A5B58EC21E09DC4900ADC865 /* Main.storyboard in Resources */,
				A5517F071ED5A564004140FD /* RotarySlider.sks in Resources */,
				A5517F0C1ED84BAE004140FD /* VerticalRotarySlider.sks in Resources */,
				A57305171EE6D09900AFE76E /* SlidingPlatform.sks in Resources */,
				A59EF8F91EB51719003B5036 /* Level3.sks in Resources */,
				A58C690D1EDEE36B00ED9A11 /* ForegroundLayer3.sks in Resources */,
				A5B58EB91E09DC4900ADC865 /* Level1.sks in Resources */,
				A53A0F771E65B1E700761D88 /* LavaParticle.sks in Resources */,
				A561F0961E8E73BA0028132F /* BreakableStones1.sks in Resources */,
				A5C4BBC51E18101C002B0B18 /* GravityProjectile.sks in Resources */,
				A5899B041E2EFD940044971F /* Floor.sks in Resources */,
				A5C4BBC81E181177002B0B18 /* GravityProjectileTail.sks in Resources */,
				A513A5E31E2151A3003CD2C1 /* Level0.sks in Resources */,
				A51B845E1EDEF29400EC53DB /* ChainedRotary.sks in Resources */,
				A5B58EC41E09DC4900ADC865 /* Assets.xcassets in Resources */,
				A53A0F731E65AF8D00761D88 /* LavaSection.sks in Resources */,
				A5B58EC71E09DC4900ADC865 /* LaunchScreen.storyboard in Resources */,
				A54D04D21EC3434D00AC23E6 /* BreakableStones2.sks in Resources */,
				A513A5EE1E2159C8003CD2C1 /* LevelCompleteLabel.sks in Resources */,
				A5BF10B71EC5E802005042D8 /* ForegroundLayer2.sks in Resources */,
			);
			runOnlyForDeploymentPostprocessing = 0;
		};
/* End PBXResourcesBuildPhase section */

/* Begin PBXSourcesBuildPhase section */
		A5B58EAF1E09DC4900ADC865 /* Sources */ = {
			isa = PBXSourcesBuildPhase;
			buildActionMask = 2147483647;
			files = (
				A5C4BBC11E16D8FF002B0B18 /* Level1.swift in Sources */,
				A50DBCEA1E745389002DC44E /* LevelCompleteNode.swift in Sources */,
				A59FB69C1E0A088A00D1C915 /* SKColor+Extensions.swift in Sources */,
				A59FB6A01E0A088A00D1C915 /* SKTTimingFunctions.swift in Sources */,
				A59FB69A1E0A088A00D1C915 /* SKAction+Extensions.swift in Sources */,
				A57305191EE6D1C200AFE76E /* SlidingPlatform.swift in Sources */,
				A5B58EBD1E09DC4900ADC865 /* GameScene.swift in Sources */,
				A53A0F751E65B0F800761D88 /* LavaSection.swift in Sources */,
				A59FB6D41E0AD9D700D1C915 /* BloodNode.swift in Sources */,
				A59FB6A61E0A08DF00D1C915 /* GestureInteractive.swift in Sources */,
				A59152C81EDC608A00F90D5E /* Assert+SKNode.swift in Sources */,
				A513A5E91E21552F003CD2C1 /* TreasureChestNode.swift in Sources */,
				A5899B061E2FA6290044971F /* GameLoopListener.swift in Sources */,
				A5DC16051EDCB2C30000D92F /* Obstacle.swift in Sources */,
				A5808E681E5331CD007D3945 /* RewindSelector.swift in Sources */,
				A59FB6981E0A088A00D1C915 /* CGVector+Extensions.swift in Sources */,
				A5EE58CD1E5F1BB700D3D25B /* SKSpriteNode+Extensions.swift in Sources */,
				A59FB69E1E0A088A00D1C915 /* SKTAudio.swift in Sources */,
				A513A5E71E2152BA003CD2C1 /* Level2.swift in Sources */,
				A55D63741E32496D007145C3 /* PlatformNode.swift in Sources */,
				A59FB6961E0A088A00D1C915 /* CGFloat+Extensions.swift in Sources */,
				A518235E1E0E109400DDE33A /* RockNode.swift in Sources */,
				A59FB6AA1E0A13FA00D1C915 /* GroundNode.swift in Sources */,
				A513A5F01E215A78003CD2C1 /* LevelCompleteLabel.swift in Sources */,
				A5DF41391E93BF7C0084C222 /* DestructibleStone.swift in Sources */,
				A59FB69D1E0A088A00D1C915 /* SKNode+Extensions.swift in Sources */,
				A51823621E10435D00DDE33A /* BreakableRocksNode.swift in Sources */,
				A561F0981E8E74A40028132F /* BreakableStoneStructure.swift in Sources */,
				A5C4BBCA1E181D24002B0B18 /* GravityProjectile.swift in Sources */,
				A59FB69F1E0A088A00D1C915 /* SKTEffects.swift in Sources */,
				A52F29A11E18252F0098B37A /* InFlightTrackable.swift in Sources */,
				A5B58EBF1E09DC4900ADC865 /* GameViewController.swift in Sources */,
				A5B5BC961EA6371600F92F8A /* SnakeNode.swift in Sources */,
				A59FB6881E0A081B00D1C915 /* WizardNode.swift in Sources */,
				A5AFBA1C1E1828F200CE29E9 /* SKTexture+Extensions.swift in Sources */,
				A5B5BC991EA7872300F92F8A /* Enemy.swift in Sources */,
				A55097D41EB8B36A00FC7F36 /* HeroBehaviorProtocols.swift in Sources */,
				A59FB6991E0A088A00D1C915 /* Int+Extensions.swift in Sources */,
				A59FB6971E0A088A00D1C915 /* CGPoint+Extensions.swift in Sources */,
				A55250C81E122DC200EED486 /* Definitions.swift in Sources */,
				A581491A1E2BDAD30091552E /* RoseNode.swift in Sources */,
				A5E3150F1E2166F100D3652C /* SKScene+Extensions.swift in Sources */,
				A5C4BBB81E14C708002B0B18 /* VikingNode.swift in Sources */,
				A59FB6A81E0A091400D1C915 /* LifecycleEmitter.swift in Sources */,
				A59EF8FB1EB5172D003B5036 /* Level3.swift in Sources */,
				A59FB6AC1E0A257600D1C915 /* CGSize+Extensions.swift in Sources */,
				A59FB69B1E0A088A00D1C915 /* SKAction+SpecialEffects.swift in Sources */,
				A5C4BBBF1E16D51A002B0B18 /* GravityStateTracker.swift in Sources */,
				A5C4BBBD1E16D2F7002B0B18 /* Game.swift in Sources */,
				A50DBCE81E72DD12002DC44E /* StonePlatform.swift in Sources */,
				A5517F091ED5A571004140FD /* RotarySlider.swift in Sources */,
				A55250CA1E122E2600EED486 /* ParticleFactory.swift in Sources */,
				A57D1E9E1E4F73AF00C41985 /* MossyWall.swift in Sources */,
				A5E3B7421E27C230004F32A3 /* WeaponSelector.swift in Sources */,
				A513A5E51E2152B2003CD2C1 /* Level0.swift in Sources */,
				A59FB6A11E0A088A00D1C915 /* Vector3.swift in Sources */,
				A51B845C1EDEE9E300EC53DB /* ChainedRotary.swift in Sources */,
				A5B58EB71E09DC4900ADC865 /* AppDelegate.swift in Sources */,
				A59FB6A41E0A08C200D1C915 /* LifecycleListener.swift in Sources */,
				A5E3150D1E215E8D00D3652C /* GameLevel.swift in Sources */,
				A5AFBA1A1E1827AD00CE29E9 /* ArrowNode.swift in Sources */,
			);
			runOnlyForDeploymentPostprocessing = 0;
		};
/* End PBXSourcesBuildPhase section */

/* Begin PBXVariantGroup section */
		A5B58EC01E09DC4900ADC865 /* Main.storyboard */ = {
			isa = PBXVariantGroup;
			children = (
				A5B58EC11E09DC4900ADC865 /* Base */,
			);
			name = Main.storyboard;
			sourceTree = "<group>";
		};
		A5B58EC51E09DC4900ADC865 /* LaunchScreen.storyboard */ = {
			isa = PBXVariantGroup;
			children = (
				A5B58EC61E09DC4900ADC865 /* Base */,
			);
			name = LaunchScreen.storyboard;
			sourceTree = "<group>";
		};
/* End PBXVariantGroup section */

/* Begin XCBuildConfiguration section */
		A5B58EC91E09DC4900ADC865 /* Debug */ = {
			isa = XCBuildConfiguration;
			buildSettings = {
				ALWAYS_SEARCH_USER_PATHS = NO;
				CLANG_ANALYZER_NONNULL = YES;
				CLANG_CXX_LANGUAGE_STANDARD = "gnu++0x";
				CLANG_CXX_LIBRARY = "libc++";
				CLANG_ENABLE_MODULES = YES;
				CLANG_ENABLE_OBJC_ARC = YES;
				CLANG_WARN_BOOL_CONVERSION = YES;
				CLANG_WARN_CONSTANT_CONVERSION = YES;
				CLANG_WARN_DIRECT_OBJC_ISA_USAGE = YES_ERROR;
				CLANG_WARN_DOCUMENTATION_COMMENTS = YES;
				CLANG_WARN_EMPTY_BODY = YES;
				CLANG_WARN_ENUM_CONVERSION = YES;
				CLANG_WARN_INFINITE_RECURSION = YES;
				CLANG_WARN_INT_CONVERSION = YES;
				CLANG_WARN_OBJC_ROOT_CLASS = YES_ERROR;
				CLANG_WARN_SUSPICIOUS_MOVE = YES;
				CLANG_WARN_UNREACHABLE_CODE = YES;
				CLANG_WARN__DUPLICATE_METHOD_MATCH = YES;
				"CODE_SIGN_IDENTITY[sdk=iphoneos*]" = "iPhone Developer";
				COPY_PHASE_STRIP = NO;
				DEBUG_INFORMATION_FORMAT = dwarf;
				ENABLE_STRICT_OBJC_MSGSEND = YES;
				ENABLE_TESTABILITY = YES;
				GCC_C_LANGUAGE_STANDARD = gnu99;
				GCC_DYNAMIC_NO_PIC = NO;
				GCC_NO_COMMON_BLOCKS = YES;
				GCC_OPTIMIZATION_LEVEL = 0;
				GCC_PREPROCESSOR_DEFINITIONS = (
					"DEBUG=1",
					"$(inherited)",
				);
				GCC_WARN_64_TO_32_BIT_CONVERSION = YES;
				GCC_WARN_ABOUT_RETURN_TYPE = YES_ERROR;
				GCC_WARN_UNDECLARED_SELECTOR = YES;
				GCC_WARN_UNINITIALIZED_AUTOS = YES_AGGRESSIVE;
				GCC_WARN_UNUSED_FUNCTION = YES;
				GCC_WARN_UNUSED_VARIABLE = YES;
				IPHONEOS_DEPLOYMENT_TARGET = 10.2;
				MTL_ENABLE_DEBUG_INFO = YES;
				ONLY_ACTIVE_ARCH = YES;
				SDKROOT = iphoneos;
				SWIFT_ACTIVE_COMPILATION_CONDITIONS = DEBUG;
				SWIFT_OPTIMIZATION_LEVEL = "-Onone";
				TARGETED_DEVICE_FAMILY = "1,2";
			};
			name = Debug;
		};
		A5B58ECA1E09DC4900ADC865 /* Release */ = {
			isa = XCBuildConfiguration;
			buildSettings = {
				ALWAYS_SEARCH_USER_PATHS = NO;
				CLANG_ANALYZER_NONNULL = YES;
				CLANG_CXX_LANGUAGE_STANDARD = "gnu++0x";
				CLANG_CXX_LIBRARY = "libc++";
				CLANG_ENABLE_MODULES = YES;
				CLANG_ENABLE_OBJC_ARC = YES;
				CLANG_WARN_BOOL_CONVERSION = YES;
				CLANG_WARN_CONSTANT_CONVERSION = YES;
				CLANG_WARN_DIRECT_OBJC_ISA_USAGE = YES_ERROR;
				CLANG_WARN_DOCUMENTATION_COMMENTS = YES;
				CLANG_WARN_EMPTY_BODY = YES;
				CLANG_WARN_ENUM_CONVERSION = YES;
				CLANG_WARN_INFINITE_RECURSION = YES;
				CLANG_WARN_INT_CONVERSION = YES;
				CLANG_WARN_OBJC_ROOT_CLASS = YES_ERROR;
				CLANG_WARN_SUSPICIOUS_MOVE = YES;
				CLANG_WARN_UNREACHABLE_CODE = YES;
				CLANG_WARN__DUPLICATE_METHOD_MATCH = YES;
				"CODE_SIGN_IDENTITY[sdk=iphoneos*]" = "iPhone Developer";
				COPY_PHASE_STRIP = NO;
				DEBUG_INFORMATION_FORMAT = "dwarf-with-dsym";
				ENABLE_NS_ASSERTIONS = NO;
				ENABLE_STRICT_OBJC_MSGSEND = YES;
				GCC_C_LANGUAGE_STANDARD = gnu99;
				GCC_NO_COMMON_BLOCKS = YES;
				GCC_WARN_64_TO_32_BIT_CONVERSION = YES;
				GCC_WARN_ABOUT_RETURN_TYPE = YES_ERROR;
				GCC_WARN_UNDECLARED_SELECTOR = YES;
				GCC_WARN_UNINITIALIZED_AUTOS = YES_AGGRESSIVE;
				GCC_WARN_UNUSED_FUNCTION = YES;
				GCC_WARN_UNUSED_VARIABLE = YES;
				IPHONEOS_DEPLOYMENT_TARGET = 10.2;
				MTL_ENABLE_DEBUG_INFO = NO;
				SDKROOT = iphoneos;
				SWIFT_OPTIMIZATION_LEVEL = "-Owholemodule";
				TARGETED_DEVICE_FAMILY = "1,2";
				VALIDATE_PRODUCT = YES;
			};
			name = Release;
		};
		A5B58ECC1E09DC4900ADC865 /* Debug */ = {
			isa = XCBuildConfiguration;
			buildSettings = {
				ASSETCATALOG_COMPILER_APPICON_NAME = AppIcon;
				DEVELOPMENT_TEAM = 4HWQ95CTCF;
				INFOPLIST_FILE = GravityWizard2/Info.plist;
				IPHONEOS_DEPLOYMENT_TARGET = 9.2;
				LD_RUNPATH_SEARCH_PATHS = "$(inherited) @executable_path/Frameworks";
				PRODUCT_BUNDLE_IDENTIFIER = com.mehus.GravityWizard2;
				PRODUCT_NAME = Rose;
				SWIFT_OPTIMIZATION_LEVEL = "-Onone";
				SWIFT_VERSION = 3.0;
			};
			name = Debug;
		};
		A5B58ECD1E09DC4900ADC865 /* Release */ = {
			isa = XCBuildConfiguration;
			buildSettings = {
				ASSETCATALOG_COMPILER_APPICON_NAME = AppIcon;
				DEVELOPMENT_TEAM = 4HWQ95CTCF;
				INFOPLIST_FILE = GravityWizard2/Info.plist;
				IPHONEOS_DEPLOYMENT_TARGET = 9.2;
				LD_RUNPATH_SEARCH_PATHS = "$(inherited) @executable_path/Frameworks";
				PRODUCT_BUNDLE_IDENTIFIER = com.mehus.GravityWizard2;
				PRODUCT_NAME = Rose;
				SWIFT_VERSION = 3.0;
			};
			name = Release;
		};
/* End XCBuildConfiguration section */

/* Begin XCConfigurationList section */
		A5B58EAE1E09DC4900ADC865 /* Build configuration list for PBXProject "GravityWizard2" */ = {
			isa = XCConfigurationList;
			buildConfigurations = (
				A5B58EC91E09DC4900ADC865 /* Debug */,
				A5B58ECA1E09DC4900ADC865 /* Release */,
			);
			defaultConfigurationIsVisible = 0;
			defaultConfigurationName = Release;
		};
		A5B58ECB1E09DC4900ADC865 /* Build configuration list for PBXNativeTarget "GravityWizard2" */ = {
			isa = XCConfigurationList;
			buildConfigurations = (
				A5B58ECC1E09DC4900ADC865 /* Debug */,
				A5B58ECD1E09DC4900ADC865 /* Release */,
			);
			defaultConfigurationIsVisible = 0;
			defaultConfigurationName = Release;
		};
/* End XCConfigurationList section */
	};
	rootObject = A5B58EAB1E09DC4900ADC865 /* Project object */;
}
