// !$*UTF8*$!
{
	archiveVersion = 1;
	classes = {
	};
	objectVersion = 46;
	objects = {

/* Begin PBXBuildFile section */
		A53CB1CC1F0D9F0B000B9C64 /* WaterSceneNode.swift in Sources */ = {isa = PBXBuildFile; fileRef = A53CB1CB1F0D9F0B000B9C64 /* WaterSceneNode.swift */; };
		A554178A1F0D0FFC00A2CFE8 /* WaterScene.sks in Resources */ = {isa = PBXBuildFile; fileRef = A55417891F0D0FFC00A2CFE8 /* WaterScene.sks */; };
		A5674C2B1EE81E3D00D29F2B /* wave.fsh in Resources */ = {isa = PBXBuildFile; fileRef = A5674C2A1EE81E3D00D29F2B /* wave.fsh */; };
		A56B423E1F296114007A9ADB /* ProjectileNode.swift in Sources */ = {isa = PBXBuildFile; fileRef = A56B423D1F296114007A9ADB /* ProjectileNode.swift */; };
		A56B42401F296ACD007A9ADB /* NSDictionary+Extensions.swift in Sources */ = {isa = PBXBuildFile; fileRef = A56B423F1F296ACD007A9ADB /* NSDictionary+Extensions.swift */; };
		A56B42421F2A1253007A9ADB /* Array+Extensions.swift in Sources */ = {isa = PBXBuildFile; fileRef = A56B42411F2A1253007A9ADB /* Array+Extensions.swift */; };
		A5840A9C1F11266F00659404 /* SwingingPlatform.sks in Resources */ = {isa = PBXBuildFile; fileRef = A5840A9B1F11266F00659404 /* SwingingPlatform.sks */; };
		A5855E5D1F112FE100A34344 /* SwingingPlatformNode.swift in Sources */ = {isa = PBXBuildFile; fileRef = A5855E5C1F112FE100A34344 /* SwingingPlatformNode.swift */; };
		A59152C81EDC608A00F90D5E /* Assert+SKNode.swift in Sources */ = {isa = PBXBuildFile; fileRef = A59152C71EDC608A00F90D5E /* Assert+SKNode.swift */; };
		A59FB6961E0A088A00D1C915 /* CGFloat+Extensions.swift in Sources */ = {isa = PBXBuildFile; fileRef = A59FB68A1E0A088A00D1C915 /* CGFloat+Extensions.swift */; };
		A59FB6971E0A088A00D1C915 /* CGPoint+Extensions.swift in Sources */ = {isa = PBXBuildFile; fileRef = A59FB68B1E0A088A00D1C915 /* CGPoint+Extensions.swift */; };
		A59FB6981E0A088A00D1C915 /* CGVector+Extensions.swift in Sources */ = {isa = PBXBuildFile; fileRef = A59FB68C1E0A088A00D1C915 /* CGVector+Extensions.swift */; };
		A59FB6991E0A088A00D1C915 /* Int+Extensions.swift in Sources */ = {isa = PBXBuildFile; fileRef = A59FB68D1E0A088A00D1C915 /* Int+Extensions.swift */; };
		A59FB69A1E0A088A00D1C915 /* SKAction+Extensions.swift in Sources */ = {isa = PBXBuildFile; fileRef = A59FB68E1E0A088A00D1C915 /* SKAction+Extensions.swift */; };
		A59FB69B1E0A088A00D1C915 /* SKAction+SpecialEffects.swift in Sources */ = {isa = PBXBuildFile; fileRef = A59FB68F1E0A088A00D1C915 /* SKAction+SpecialEffects.swift */; };
		A59FB69C1E0A088A00D1C915 /* SKColor+Extensions.swift in Sources */ = {isa = PBXBuildFile; fileRef = A59FB6901E0A088A00D1C915 /* SKColor+Extensions.swift */; };
		A59FB69D1E0A088A00D1C915 /* SKNode+Extensions.swift in Sources */ = {isa = PBXBuildFile; fileRef = A59FB6911E0A088A00D1C915 /* SKNode+Extensions.swift */; };
		A59FB69E1E0A088A00D1C915 /* SKTAudio.swift in Sources */ = {isa = PBXBuildFile; fileRef = A59FB6921E0A088A00D1C915 /* SKTAudio.swift */; };
		A59FB69F1E0A088A00D1C915 /* SKTEffects.swift in Sources */ = {isa = PBXBuildFile; fileRef = A59FB6931E0A088A00D1C915 /* SKTEffects.swift */; };
		A59FB6A01E0A088A00D1C915 /* SKTTimingFunctions.swift in Sources */ = {isa = PBXBuildFile; fileRef = A59FB6941E0A088A00D1C915 /* SKTTimingFunctions.swift */; };
		A59FB6A11E0A088A00D1C915 /* Vector3.swift in Sources */ = {isa = PBXBuildFile; fileRef = A59FB6951E0A088A00D1C915 /* Vector3.swift */; };
		A59FB6AC1E0A257600D1C915 /* CGSize+Extensions.swift in Sources */ = {isa = PBXBuildFile; fileRef = A59FB6AB1E0A257500D1C915 /* CGSize+Extensions.swift */; };
		A5A968391EEAC80500A509DB /* LevelCompleteLabel.sks in Resources */ = {isa = PBXBuildFile; fileRef = A5A968181EEAC80500A509DB /* LevelCompleteLabel.sks */; };
		A5A9683A1EEAC80500A509DB /* WeaponSelector.sks in Resources */ = {isa = PBXBuildFile; fileRef = A5A968191EEAC80500A509DB /* WeaponSelector.sks */; };
		A5A968411EEAC80500A509DB /* Blood.sks in Resources */ = {isa = PBXBuildFile; fileRef = A5A968221EEAC80500A509DB /* Blood.sks */; };
		A5A968421EEAC80500A509DB /* GravityProjectileTail.sks in Resources */ = {isa = PBXBuildFile; fileRef = A5A968231EEAC80500A509DB /* GravityProjectileTail.sks */; };
		A5A968431EEAC80500A509DB /* LavaParticle.sks in Resources */ = {isa = PBXBuildFile; fileRef = A5A968241EEAC80500A509DB /* LavaParticle.sks */; };
		A5A968441EEAC80500A509DB /* BreakableRocks.sks in Resources */ = {isa = PBXBuildFile; fileRef = A5A968261EEAC80500A509DB /* BreakableRocks.sks */; };
		A5A968451EEAC80500A509DB /* BreakableStones1.sks in Resources */ = {isa = PBXBuildFile; fileRef = A5A968271EEAC80500A509DB /* BreakableStones1.sks */; };
		A5A968461EEAC80500A509DB /* BreakableStones2.sks in Resources */ = {isa = PBXBuildFile; fileRef = A5A968281EEAC80500A509DB /* BreakableStones2.sks */; };
		A5A968471EEAC80500A509DB /* ChainedRotary.sks in Resources */ = {isa = PBXBuildFile; fileRef = A5A968291EEAC80500A509DB /* ChainedRotary.sks */; };
		A5A968481EEAC80500A509DB /* Floor.sks in Resources */ = {isa = PBXBuildFile; fileRef = A5A9682A1EEAC80500A509DB /* Floor.sks */; };
		A5A968491EEAC80500A509DB /* GravityProjectile.sks in Resources */ = {isa = PBXBuildFile; fileRef = A5A9682B1EEAC80500A509DB /* GravityProjectile.sks */; };
		A5A9684A1EEAC80500A509DB /* LavaSection.sks in Resources */ = {isa = PBXBuildFile; fileRef = A5A9682C1EEAC80500A509DB /* LavaSection.sks */; };
		A5A9684B1EEAC80500A509DB /* MossyWall.sks in Resources */ = {isa = PBXBuildFile; fileRef = A5A9682D1EEAC80500A509DB /* MossyWall.sks */; };
		A5A9684C1EEAC80500A509DB /* Platform2.sks in Resources */ = {isa = PBXBuildFile; fileRef = A5A9682E1EEAC80500A509DB /* Platform2.sks */; };
		A5A9684D1EEAC80500A509DB /* Rose.sks in Resources */ = {isa = PBXBuildFile; fileRef = A5A9682F1EEAC80500A509DB /* Rose.sks */; };
		A5A9684E1EEAC80500A509DB /* RotarySlider.sks in Resources */ = {isa = PBXBuildFile; fileRef = A5A968301EEAC80500A509DB /* RotarySlider.sks */; };
		A5A9684F1EEAC80500A509DB /* RotatingGear.sks in Resources */ = {isa = PBXBuildFile; fileRef = A5A968311EEAC80500A509DB /* RotatingGear.sks */; };
		A5A968501EEAC80500A509DB /* SlidingPlatform.sks in Resources */ = {isa = PBXBuildFile; fileRef = A5A968321EEAC80500A509DB /* SlidingPlatform.sks */; };
		A5A968511EEAC80500A509DB /* Snake.sks in Resources */ = {isa = PBXBuildFile; fileRef = A5A968331EEAC80500A509DB /* Snake.sks */; };
		A5A968521EEAC80500A509DB /* StonePlatform.sks in Resources */ = {isa = PBXBuildFile; fileRef = A5A968341EEAC80500A509DB /* StonePlatform.sks */; };
		A5A968531EEAC80500A509DB /* VerticalRotarySlider.sks in Resources */ = {isa = PBXBuildFile; fileRef = A5A968351EEAC80500A509DB /* VerticalRotarySlider.sks */; };
		A5A968541EEAC80500A509DB /* VerticalSlidingPlatform.sks in Resources */ = {isa = PBXBuildFile; fileRef = A5A968361EEAC80500A509DB /* VerticalSlidingPlatform.sks */; };
		A5A968551EEAC80500A509DB /* Viking.sks in Resources */ = {isa = PBXBuildFile; fileRef = A5A968371EEAC80500A509DB /* Viking.sks */; };
		A5A968561EEAC80500A509DB /* Wizard.sks in Resources */ = {isa = PBXBuildFile; fileRef = A5A968381EEAC80500A509DB /* Wizard.sks */; };
		A5A9685E1EEAC99C00A509DB /* Level0.swift in Sources */ = {isa = PBXBuildFile; fileRef = A5A968591EEAC99C00A509DB /* Level0.swift */; };
		A5A9685F1EEAC99C00A509DB /* Level1.swift in Sources */ = {isa = PBXBuildFile; fileRef = A5A9685A1EEAC99C00A509DB /* Level1.swift */; };
		A5A968601EEAC99C00A509DB /* Level2.swift in Sources */ = {isa = PBXBuildFile; fileRef = A5A9685B1EEAC99C00A509DB /* Level2.swift */; };
		A5A968611EEAC99C00A509DB /* Level3.swift in Sources */ = {isa = PBXBuildFile; fileRef = A5A9685C1EEAC99C00A509DB /* Level3.swift */; };
		A5A968621EEACA0300A509DB /* GameScene.swift in Sources */ = {isa = PBXBuildFile; fileRef = A5A968581EEAC99C00A509DB /* GameScene.swift */; };
		A5A9686E1EEACB8900A509DB /* Game.swift in Sources */ = {isa = PBXBuildFile; fileRef = A5A968641EEACB8900A509DB /* Game.swift */; };
		A5A9686F1EEACB8900A509DB /* GameLevel.swift in Sources */ = {isa = PBXBuildFile; fileRef = A5A968651EEACB8900A509DB /* GameLevel.swift */; };
		A5A968701EEACB8900A509DB /* GameLoopListener.swift in Sources */ = {isa = PBXBuildFile; fileRef = A5A968661EEACB8900A509DB /* GameLoopListener.swift */; };
		A5A968711EEACB8900A509DB /* GestureInteractive.swift in Sources */ = {isa = PBXBuildFile; fileRef = A5A968671EEACB8900A509DB /* GestureInteractive.swift */; };
		A5A968721EEACB8900A509DB /* GravityStateTracker.swift in Sources */ = {isa = PBXBuildFile; fileRef = A5A968681EEACB8900A509DB /* GravityStateTracker.swift */; };
		A5A968731EEACB8900A509DB /* HeroBehaviorProtocols.swift in Sources */ = {isa = PBXBuildFile; fileRef = A5A968691EEACB8900A509DB /* HeroBehaviorProtocols.swift */; };
		A5A968741EEACB8900A509DB /* InFlightTrackable.swift in Sources */ = {isa = PBXBuildFile; fileRef = A5A9686A1EEACB8900A509DB /* InFlightTrackable.swift */; };
		A5A968751EEACB8900A509DB /* LifecycleEmitter.swift in Sources */ = {isa = PBXBuildFile; fileRef = A5A9686B1EEACB8900A509DB /* LifecycleEmitter.swift */; };
		A5A968761EEACB8900A509DB /* LifecycleListener.swift in Sources */ = {isa = PBXBuildFile; fileRef = A5A9686C1EEACB8900A509DB /* LifecycleListener.swift */; };
		A5A968771EEACB8900A509DB /* Obstacle.swift in Sources */ = {isa = PBXBuildFile; fileRef = A5A9686D1EEACB8900A509DB /* Obstacle.swift */; };
		A5A9687B1EEACDD800A509DB /* Definitions.swift in Sources */ = {isa = PBXBuildFile; fileRef = A5A968791EEACDD800A509DB /* Definitions.swift */; };
		A5A9687C1EEACDD800A509DB /* ParticleFactory.swift in Sources */ = {isa = PBXBuildFile; fileRef = A5A9687A1EEACDD800A509DB /* ParticleFactory.swift */; };
		A5A9689D1EEACE9D00A509DB /* Enemy.swift in Sources */ = {isa = PBXBuildFile; fileRef = A5A968801EEACE9D00A509DB /* Enemy.swift */; };
		A5A9689E1EEACE9D00A509DB /* SnakeNode.swift in Sources */ = {isa = PBXBuildFile; fileRef = A5A968811EEACE9D00A509DB /* SnakeNode.swift */; };
		A5A9689F1EEACE9D00A509DB /* VikingNode.swift in Sources */ = {isa = PBXBuildFile; fileRef = A5A968821EEACE9D00A509DB /* VikingNode.swift */; };
		A5A968A01EEACE9D00A509DB /* RoseNode.swift in Sources */ = {isa = PBXBuildFile; fileRef = A5A968831EEACE9D00A509DB /* RoseNode.swift */; };
		A5A968A11EEACE9D00A509DB /* WizardNode.swift in Sources */ = {isa = PBXBuildFile; fileRef = A5A968841EEACE9D00A509DB /* WizardNode.swift */; };
		A5A968A21EEACE9D00A509DB /* BloodNode.swift in Sources */ = {isa = PBXBuildFile; fileRef = A5A968861EEACE9D00A509DB /* BloodNode.swift */; };
		A5A968A31EEACE9D00A509DB /* BreakableRocksNode.swift in Sources */ = {isa = PBXBuildFile; fileRef = A5A968871EEACE9D00A509DB /* BreakableRocksNode.swift */; };
		A5A968A41EEACE9D00A509DB /* BreakableStoneStructure.swift in Sources */ = {isa = PBXBuildFile; fileRef = A5A968881EEACE9D00A509DB /* BreakableStoneStructure.swift */; };
		A5A968A51EEACE9D00A509DB /* ChainedRotary.swift in Sources */ = {isa = PBXBuildFile; fileRef = A5A968891EEACE9D00A509DB /* ChainedRotary.swift */; };
		A5A968A61EEACE9D00A509DB /* DestructibleStone.swift in Sources */ = {isa = PBXBuildFile; fileRef = A5A9688A1EEACE9D00A509DB /* DestructibleStone.swift */; };
		A5A968A71EEACE9D00A509DB /* GroundNode.swift in Sources */ = {isa = PBXBuildFile; fileRef = A5A9688B1EEACE9D00A509DB /* GroundNode.swift */; };
		A5A968A81EEACE9D00A509DB /* LavaSection.swift in Sources */ = {isa = PBXBuildFile; fileRef = A5A9688C1EEACE9D00A509DB /* LavaSection.swift */; };
		A5A968A91EEACE9D00A509DB /* MossyWall.swift in Sources */ = {isa = PBXBuildFile; fileRef = A5A9688D1EEACE9D00A509DB /* MossyWall.swift */; };
		A5A968AA1EEACE9D00A509DB /* PlatformNode.swift in Sources */ = {isa = PBXBuildFile; fileRef = A5A9688E1EEACE9D00A509DB /* PlatformNode.swift */; };
		A5A968AB1EEACE9D00A509DB /* RockNode.swift in Sources */ = {isa = PBXBuildFile; fileRef = A5A9688F1EEACE9D00A509DB /* RockNode.swift */; };
		A5A968AC1EEACE9D00A509DB /* RotarySlider.swift in Sources */ = {isa = PBXBuildFile; fileRef = A5A968901EEACE9D00A509DB /* RotarySlider.swift */; };
		A5A968AD1EEACE9D00A509DB /* SlidingPlatform.swift in Sources */ = {isa = PBXBuildFile; fileRef = A5A968911EEACE9D00A509DB /* SlidingPlatform.swift */; };
		A5A968AE1EEACE9D00A509DB /* StonePlatform.swift in Sources */ = {isa = PBXBuildFile; fileRef = A5A968921EEACE9D00A509DB /* StonePlatform.swift */; };
		A5A968AF1EEACE9D00A509DB /* TreasureChestNode.swift in Sources */ = {isa = PBXBuildFile; fileRef = A5A968931EEACE9D00A509DB /* TreasureChestNode.swift */; };
		A5A968B01EEACE9D00A509DB /* VerticalSlidingPlatform.swift in Sources */ = {isa = PBXBuildFile; fileRef = A5A968941EEACE9D00A509DB /* VerticalSlidingPlatform.swift */; };
		A5A968B11EEACE9D00A509DB /* LevelCompleteLabel.swift in Sources */ = {isa = PBXBuildFile; fileRef = A5A968961EEACE9D00A509DB /* LevelCompleteLabel.swift */; };
		A5A968B21EEACE9D00A509DB /* LevelCompleteNode.swift in Sources */ = {isa = PBXBuildFile; fileRef = A5A968971EEACE9D00A509DB /* LevelCompleteNode.swift */; };
		A5A968B31EEACE9D00A509DB /* RewindSelector.swift in Sources */ = {isa = PBXBuildFile; fileRef = A5A968981EEACE9D00A509DB /* RewindSelector.swift */; };
		A5A968B41EEACE9D00A509DB /* WeaponSelector.swift in Sources */ = {isa = PBXBuildFile; fileRef = A5A968991EEACE9D00A509DB /* WeaponSelector.swift */; };
		A5A968B51EEACE9D00A509DB /* ArrowNode.swift in Sources */ = {isa = PBXBuildFile; fileRef = A5A9689B1EEACE9D00A509DB /* ArrowNode.swift */; };
		A5A968B61EEACE9D00A509DB /* GravityProjectile.swift in Sources */ = {isa = PBXBuildFile; fileRef = A5A9689C1EEACE9D00A509DB /* GravityProjectile.swift */; };
		A5A968B81EEACF1500A509DB /* Level4.swift in Sources */ = {isa = PBXBuildFile; fileRef = A5A968B71EEACF1500A509DB /* Level4.swift */; };
		A5A968C11EEACF5D00A509DB /* Level0.sks in Resources */ = {isa = PBXBuildFile; fileRef = A5A968BA1EEACF5D00A509DB /* Level0.sks */; };
		A5A968C21EEACF5D00A509DB /* Level1.sks in Resources */ = {isa = PBXBuildFile; fileRef = A5A968BB1EEACF5D00A509DB /* Level1.sks */; };
		A5A968C31EEACF5D00A509DB /* Level2.sks in Resources */ = {isa = PBXBuildFile; fileRef = A5A968BC1EEACF5D00A509DB /* Level2.sks */; };
		A5A968C41EEACF5D00A509DB /* ForegroundLayer2.sks in Resources */ = {isa = PBXBuildFile; fileRef = A5A968BE1EEACF5D00A509DB /* ForegroundLayer2.sks */; };
		A5A968C51EEACF5D00A509DB /* ForegroundLayer3.sks in Resources */ = {isa = PBXBuildFile; fileRef = A5A968BF1EEACF5D00A509DB /* ForegroundLayer3.sks */; };
		A5A968C61EEACF5D00A509DB /* Level3.sks in Resources */ = {isa = PBXBuildFile; fileRef = A5A968C01EEACF5D00A509DB /* Level3.sks */; };
		A5A968CA1EEACFC700A509DB /* Level4.sks in Resources */ = {isa = PBXBuildFile; fileRef = A5A968C91EEACFC700A509DB /* Level4.sks */; };
		A5AB74041F117D40001840D7 /* SpriteConfiguration.swift in Sources */ = {isa = PBXBuildFile; fileRef = A5AB74031F117D40001840D7 /* SpriteConfiguration.swift */; };
		A5ACBA6A1F2D014700CB83E4 /* BorderNode.swift in Sources */ = {isa = PBXBuildFile; fileRef = A5ACBA691F2D014700CB83E4 /* BorderNode.swift */; };
		A5AFBA1C1E1828F200CE29E9 /* SKTexture+Extensions.swift in Sources */ = {isa = PBXBuildFile; fileRef = A5AFBA1B1E1828F200CE29E9 /* SKTexture+Extensions.swift */; };
		A5B58EB71E09DC4900ADC865 /* AppDelegate.swift in Sources */ = {isa = PBXBuildFile; fileRef = A5B58EB61E09DC4900ADC865 /* AppDelegate.swift */; };
		A5B58EBF1E09DC4900ADC865 /* GameViewController.swift in Sources */ = {isa = PBXBuildFile; fileRef = A5B58EBE1E09DC4900ADC865 /* GameViewController.swift */; };
		A5B58EC21E09DC4900ADC865 /* Main.storyboard in Resources */ = {isa = PBXBuildFile; fileRef = A5B58EC01E09DC4900ADC865 /* Main.storyboard */; };
		A5B58EC41E09DC4900ADC865 /* Assets.xcassets in Resources */ = {isa = PBXBuildFile; fileRef = A5B58EC31E09DC4900ADC865 /* Assets.xcassets */; };
		A5B58EC71E09DC4900ADC865 /* LaunchScreen.storyboard in Resources */ = {isa = PBXBuildFile; fileRef = A5B58EC51E09DC4900ADC865 /* LaunchScreen.storyboard */; };
		A5BE41391F276AFA0052E56A /* WaterSplash.sks in Resources */ = {isa = PBXBuildFile; fileRef = A5BE41371F276AFA0052E56A /* WaterSplash.sks */; };
		A5BE413A1F276AFA0052E56A /* Assets.xcassets in Resources */ = {isa = PBXBuildFile; fileRef = A5BE41381F276AFA0052E56A /* Assets.xcassets */; };
		A5BE41401F276DFD0052E56A /* WaterReflection.fsh in Resources */ = {isa = PBXBuildFile; fileRef = A5BE413F1F276DFD0052E56A /* WaterReflection.fsh */; };
		A5E3150F1E2166F100D3652C /* SKScene+Extensions.swift in Sources */ = {isa = PBXBuildFile; fileRef = A5E3150E1E2166F100D3652C /* SKScene+Extensions.swift */; };
		A5EE58CD1E5F1BB700D3D25B /* SKSpriteNode+Extensions.swift in Sources */ = {isa = PBXBuildFile; fileRef = A5EE58CC1E5F1BB700D3D25B /* SKSpriteNode+Extensions.swift */; };
/* End PBXBuildFile section */

/* Begin PBXFileReference section */
		A53CB1CB1F0D9F0B000B9C64 /* WaterSceneNode.swift */ = {isa = PBXFileReference; fileEncoding = 4; lastKnownFileType = sourcecode.swift; path = WaterSceneNode.swift; sourceTree = "<group>"; };
		A55417891F0D0FFC00A2CFE8 /* WaterScene.sks */ = {isa = PBXFileReference; lastKnownFileType = file.sks; path = WaterScene.sks; sourceTree = "<group>"; };
		A5674C2A1EE81E3D00D29F2B /* wave.fsh */ = {isa = PBXFileReference; fileEncoding = 4; lastKnownFileType = sourcecode.glsl; path = wave.fsh; sourceTree = "<group>"; xcLanguageSpecificationIdentifier = xcode.lang.glsl; };
		A56B423D1F296114007A9ADB /* ProjectileNode.swift */ = {isa = PBXFileReference; fileEncoding = 4; lastKnownFileType = sourcecode.swift; path = ProjectileNode.swift; sourceTree = "<group>"; };
		A56B423F1F296ACD007A9ADB /* NSDictionary+Extensions.swift */ = {isa = PBXFileReference; fileEncoding = 4; lastKnownFileType = sourcecode.swift; path = "NSDictionary+Extensions.swift"; sourceTree = "<group>"; };
		A56B42411F2A1253007A9ADB /* Array+Extensions.swift */ = {isa = PBXFileReference; fileEncoding = 4; lastKnownFileType = sourcecode.swift; path = "Array+Extensions.swift"; sourceTree = "<group>"; };
		A5840A9B1F11266F00659404 /* SwingingPlatform.sks */ = {isa = PBXFileReference; lastKnownFileType = file.sks; path = SwingingPlatform.sks; sourceTree = "<group>"; };
		A5855E5C1F112FE100A34344 /* SwingingPlatformNode.swift */ = {isa = PBXFileReference; fileEncoding = 4; lastKnownFileType = sourcecode.swift; path = SwingingPlatformNode.swift; sourceTree = "<group>"; };
		A59152C71EDC608A00F90D5E /* Assert+SKNode.swift */ = {isa = PBXFileReference; fileEncoding = 4; lastKnownFileType = sourcecode.swift; path = "Assert+SKNode.swift"; sourceTree = "<group>"; };
		A59FB68A1E0A088A00D1C915 /* CGFloat+Extensions.swift */ = {isa = PBXFileReference; fileEncoding = 4; lastKnownFileType = sourcecode.swift; path = "CGFloat+Extensions.swift"; sourceTree = "<group>"; };
		A59FB68B1E0A088A00D1C915 /* CGPoint+Extensions.swift */ = {isa = PBXFileReference; fileEncoding = 4; lastKnownFileType = sourcecode.swift; path = "CGPoint+Extensions.swift"; sourceTree = "<group>"; };
		A59FB68C1E0A088A00D1C915 /* CGVector+Extensions.swift */ = {isa = PBXFileReference; fileEncoding = 4; lastKnownFileType = sourcecode.swift; path = "CGVector+Extensions.swift"; sourceTree = "<group>"; };
		A59FB68D1E0A088A00D1C915 /* Int+Extensions.swift */ = {isa = PBXFileReference; fileEncoding = 4; lastKnownFileType = sourcecode.swift; path = "Int+Extensions.swift"; sourceTree = "<group>"; };
		A59FB68E1E0A088A00D1C915 /* SKAction+Extensions.swift */ = {isa = PBXFileReference; fileEncoding = 4; lastKnownFileType = sourcecode.swift; path = "SKAction+Extensions.swift"; sourceTree = "<group>"; };
		A59FB68F1E0A088A00D1C915 /* SKAction+SpecialEffects.swift */ = {isa = PBXFileReference; fileEncoding = 4; lastKnownFileType = sourcecode.swift; path = "SKAction+SpecialEffects.swift"; sourceTree = "<group>"; };
		A59FB6901E0A088A00D1C915 /* SKColor+Extensions.swift */ = {isa = PBXFileReference; fileEncoding = 4; lastKnownFileType = sourcecode.swift; path = "SKColor+Extensions.swift"; sourceTree = "<group>"; };
		A59FB6911E0A088A00D1C915 /* SKNode+Extensions.swift */ = {isa = PBXFileReference; fileEncoding = 4; lastKnownFileType = sourcecode.swift; path = "SKNode+Extensions.swift"; sourceTree = "<group>"; };
		A59FB6921E0A088A00D1C915 /* SKTAudio.swift */ = {isa = PBXFileReference; fileEncoding = 4; lastKnownFileType = sourcecode.swift; path = SKTAudio.swift; sourceTree = "<group>"; };
		A59FB6931E0A088A00D1C915 /* SKTEffects.swift */ = {isa = PBXFileReference; fileEncoding = 4; lastKnownFileType = sourcecode.swift; path = SKTEffects.swift; sourceTree = "<group>"; };
		A59FB6941E0A088A00D1C915 /* SKTTimingFunctions.swift */ = {isa = PBXFileReference; fileEncoding = 4; lastKnownFileType = sourcecode.swift; path = SKTTimingFunctions.swift; sourceTree = "<group>"; };
		A59FB6951E0A088A00D1C915 /* Vector3.swift */ = {isa = PBXFileReference; fileEncoding = 4; lastKnownFileType = sourcecode.swift; path = Vector3.swift; sourceTree = "<group>"; };
		A59FB6AB1E0A257500D1C915 /* CGSize+Extensions.swift */ = {isa = PBXFileReference; fileEncoding = 4; lastKnownFileType = sourcecode.swift; path = "CGSize+Extensions.swift"; sourceTree = "<group>"; };
		A5A968181EEAC80500A509DB /* LevelCompleteLabel.sks */ = {isa = PBXFileReference; lastKnownFileType = file.sks; path = LevelCompleteLabel.sks; sourceTree = "<group>"; };
		A5A968191EEAC80500A509DB /* WeaponSelector.sks */ = {isa = PBXFileReference; lastKnownFileType = file.sks; path = WeaponSelector.sks; sourceTree = "<group>"; };
		A5A968221EEAC80500A509DB /* Blood.sks */ = {isa = PBXFileReference; lastKnownFileType = file.sks; path = Blood.sks; sourceTree = "<group>"; };
		A5A968231EEAC80500A509DB /* GravityProjectileTail.sks */ = {isa = PBXFileReference; lastKnownFileType = file.sks; path = GravityProjectileTail.sks; sourceTree = "<group>"; };
		A5A968241EEAC80500A509DB /* LavaParticle.sks */ = {isa = PBXFileReference; lastKnownFileType = file.sks; path = LavaParticle.sks; sourceTree = "<group>"; };
		A5A968261EEAC80500A509DB /* BreakableRocks.sks */ = {isa = PBXFileReference; lastKnownFileType = file.sks; path = BreakableRocks.sks; sourceTree = "<group>"; };
		A5A968271EEAC80500A509DB /* BreakableStones1.sks */ = {isa = PBXFileReference; lastKnownFileType = file.sks; path = BreakableStones1.sks; sourceTree = "<group>"; };
		A5A968281EEAC80500A509DB /* BreakableStones2.sks */ = {isa = PBXFileReference; lastKnownFileType = file.sks; path = BreakableStones2.sks; sourceTree = "<group>"; };
		A5A968291EEAC80500A509DB /* ChainedRotary.sks */ = {isa = PBXFileReference; lastKnownFileType = file.sks; path = ChainedRotary.sks; sourceTree = "<group>"; };
		A5A9682A1EEAC80500A509DB /* Floor.sks */ = {isa = PBXFileReference; lastKnownFileType = file.sks; path = Floor.sks; sourceTree = "<group>"; };
		A5A9682B1EEAC80500A509DB /* GravityProjectile.sks */ = {isa = PBXFileReference; lastKnownFileType = file.sks; path = GravityProjectile.sks; sourceTree = "<group>"; };
		A5A9682C1EEAC80500A509DB /* LavaSection.sks */ = {isa = PBXFileReference; lastKnownFileType = file.sks; path = LavaSection.sks; sourceTree = "<group>"; };
		A5A9682D1EEAC80500A509DB /* MossyWall.sks */ = {isa = PBXFileReference; lastKnownFileType = file.sks; path = MossyWall.sks; sourceTree = "<group>"; };
		A5A9682E1EEAC80500A509DB /* Platform2.sks */ = {isa = PBXFileReference; lastKnownFileType = file.sks; path = Platform2.sks; sourceTree = "<group>"; };
		A5A9682F1EEAC80500A509DB /* Rose.sks */ = {isa = PBXFileReference; lastKnownFileType = file.sks; path = Rose.sks; sourceTree = "<group>"; };
		A5A968301EEAC80500A509DB /* RotarySlider.sks */ = {isa = PBXFileReference; lastKnownFileType = file.sks; path = RotarySlider.sks; sourceTree = "<group>"; };
		A5A968311EEAC80500A509DB /* RotatingGear.sks */ = {isa = PBXFileReference; lastKnownFileType = file.sks; path = RotatingGear.sks; sourceTree = "<group>"; };
		A5A968321EEAC80500A509DB /* SlidingPlatform.sks */ = {isa = PBXFileReference; lastKnownFileType = file.sks; path = SlidingPlatform.sks; sourceTree = "<group>"; };
		A5A968331EEAC80500A509DB /* Snake.sks */ = {isa = PBXFileReference; lastKnownFileType = file.sks; path = Snake.sks; sourceTree = "<group>"; };
		A5A968341EEAC80500A509DB /* StonePlatform.sks */ = {isa = PBXFileReference; lastKnownFileType = file.sks; path = StonePlatform.sks; sourceTree = "<group>"; };
		A5A968351EEAC80500A509DB /* VerticalRotarySlider.sks */ = {isa = PBXFileReference; lastKnownFileType = file.sks; path = VerticalRotarySlider.sks; sourceTree = "<group>"; };
		A5A968361EEAC80500A509DB /* VerticalSlidingPlatform.sks */ = {isa = PBXFileReference; lastKnownFileType = file.sks; path = VerticalSlidingPlatform.sks; sourceTree = "<group>"; };
		A5A968371EEAC80500A509DB /* Viking.sks */ = {isa = PBXFileReference; lastKnownFileType = file.sks; path = Viking.sks; sourceTree = "<group>"; };
		A5A968381EEAC80500A509DB /* Wizard.sks */ = {isa = PBXFileReference; lastKnownFileType = file.sks; path = Wizard.sks; sourceTree = "<group>"; };
		A5A968581EEAC99C00A509DB /* GameScene.swift */ = {isa = PBXFileReference; fileEncoding = 4; lastKnownFileType = sourcecode.swift; path = GameScene.swift; sourceTree = "<group>"; };
		A5A968591EEAC99C00A509DB /* Level0.swift */ = {isa = PBXFileReference; fileEncoding = 4; lastKnownFileType = sourcecode.swift; path = Level0.swift; sourceTree = "<group>"; };
		A5A9685A1EEAC99C00A509DB /* Level1.swift */ = {isa = PBXFileReference; fileEncoding = 4; lastKnownFileType = sourcecode.swift; path = Level1.swift; sourceTree = "<group>"; };
		A5A9685B1EEAC99C00A509DB /* Level2.swift */ = {isa = PBXFileReference; fileEncoding = 4; lastKnownFileType = sourcecode.swift; path = Level2.swift; sourceTree = "<group>"; };
		A5A9685C1EEAC99C00A509DB /* Level3.swift */ = {isa = PBXFileReference; fileEncoding = 4; lastKnownFileType = sourcecode.swift; path = Level3.swift; sourceTree = "<group>"; };
		A5A968641EEACB8900A509DB /* Game.swift */ = {isa = PBXFileReference; fileEncoding = 4; lastKnownFileType = sourcecode.swift; path = Game.swift; sourceTree = "<group>"; };
		A5A968651EEACB8900A509DB /* GameLevel.swift */ = {isa = PBXFileReference; fileEncoding = 4; lastKnownFileType = sourcecode.swift; path = GameLevel.swift; sourceTree = "<group>"; };
		A5A968661EEACB8900A509DB /* GameLoopListener.swift */ = {isa = PBXFileReference; fileEncoding = 4; lastKnownFileType = sourcecode.swift; path = GameLoopListener.swift; sourceTree = "<group>"; };
		A5A968671EEACB8900A509DB /* GestureInteractive.swift */ = {isa = PBXFileReference; fileEncoding = 4; lastKnownFileType = sourcecode.swift; path = GestureInteractive.swift; sourceTree = "<group>"; };
		A5A968681EEACB8900A509DB /* GravityStateTracker.swift */ = {isa = PBXFileReference; fileEncoding = 4; lastKnownFileType = sourcecode.swift; path = GravityStateTracker.swift; sourceTree = "<group>"; };
		A5A968691EEACB8900A509DB /* HeroBehaviorProtocols.swift */ = {isa = PBXFileReference; fileEncoding = 4; lastKnownFileType = sourcecode.swift; path = HeroBehaviorProtocols.swift; sourceTree = "<group>"; };
		A5A9686A1EEACB8900A509DB /* InFlightTrackable.swift */ = {isa = PBXFileReference; fileEncoding = 4; lastKnownFileType = sourcecode.swift; path = InFlightTrackable.swift; sourceTree = "<group>"; };
		A5A9686B1EEACB8900A509DB /* LifecycleEmitter.swift */ = {isa = PBXFileReference; fileEncoding = 4; lastKnownFileType = sourcecode.swift; path = LifecycleEmitter.swift; sourceTree = "<group>"; };
		A5A9686C1EEACB8900A509DB /* LifecycleListener.swift */ = {isa = PBXFileReference; fileEncoding = 4; lastKnownFileType = sourcecode.swift; path = LifecycleListener.swift; sourceTree = "<group>"; };
		A5A9686D1EEACB8900A509DB /* Obstacle.swift */ = {isa = PBXFileReference; fileEncoding = 4; lastKnownFileType = sourcecode.swift; path = Obstacle.swift; sourceTree = "<group>"; };
		A5A968791EEACDD800A509DB /* Definitions.swift */ = {isa = PBXFileReference; fileEncoding = 4; lastKnownFileType = sourcecode.swift; path = Definitions.swift; sourceTree = "<group>"; };
		A5A9687A1EEACDD800A509DB /* ParticleFactory.swift */ = {isa = PBXFileReference; fileEncoding = 4; lastKnownFileType = sourcecode.swift; path = ParticleFactory.swift; sourceTree = "<group>"; };
		A5A968801EEACE9D00A509DB /* Enemy.swift */ = {isa = PBXFileReference; fileEncoding = 4; lastKnownFileType = sourcecode.swift; path = Enemy.swift; sourceTree = "<group>"; };
		A5A968811EEACE9D00A509DB /* SnakeNode.swift */ = {isa = PBXFileReference; fileEncoding = 4; lastKnownFileType = sourcecode.swift; path = SnakeNode.swift; sourceTree = "<group>"; };
		A5A968821EEACE9D00A509DB /* VikingNode.swift */ = {isa = PBXFileReference; fileEncoding = 4; lastKnownFileType = sourcecode.swift; path = VikingNode.swift; sourceTree = "<group>"; };
		A5A968831EEACE9D00A509DB /* RoseNode.swift */ = {isa = PBXFileReference; fileEncoding = 4; lastKnownFileType = sourcecode.swift; path = RoseNode.swift; sourceTree = "<group>"; };
		A5A968841EEACE9D00A509DB /* WizardNode.swift */ = {isa = PBXFileReference; fileEncoding = 4; lastKnownFileType = sourcecode.swift; path = WizardNode.swift; sourceTree = "<group>"; };
		A5A968861EEACE9D00A509DB /* BloodNode.swift */ = {isa = PBXFileReference; fileEncoding = 4; lastKnownFileType = sourcecode.swift; path = BloodNode.swift; sourceTree = "<group>"; };
		A5A968871EEACE9D00A509DB /* BreakableRocksNode.swift */ = {isa = PBXFileReference; fileEncoding = 4; lastKnownFileType = sourcecode.swift; path = BreakableRocksNode.swift; sourceTree = "<group>"; };
		A5A968881EEACE9D00A509DB /* BreakableStoneStructure.swift */ = {isa = PBXFileReference; fileEncoding = 4; lastKnownFileType = sourcecode.swift; path = BreakableStoneStructure.swift; sourceTree = "<group>"; };
		A5A968891EEACE9D00A509DB /* ChainedRotary.swift */ = {isa = PBXFileReference; fileEncoding = 4; lastKnownFileType = sourcecode.swift; path = ChainedRotary.swift; sourceTree = "<group>"; };
		A5A9688A1EEACE9D00A509DB /* DestructibleStone.swift */ = {isa = PBXFileReference; fileEncoding = 4; lastKnownFileType = sourcecode.swift; path = DestructibleStone.swift; sourceTree = "<group>"; };
		A5A9688B1EEACE9D00A509DB /* GroundNode.swift */ = {isa = PBXFileReference; fileEncoding = 4; lastKnownFileType = sourcecode.swift; path = GroundNode.swift; sourceTree = "<group>"; };
		A5A9688C1EEACE9D00A509DB /* LavaSection.swift */ = {isa = PBXFileReference; fileEncoding = 4; lastKnownFileType = sourcecode.swift; path = LavaSection.swift; sourceTree = "<group>"; };
		A5A9688D1EEACE9D00A509DB /* MossyWall.swift */ = {isa = PBXFileReference; fileEncoding = 4; lastKnownFileType = sourcecode.swift; path = MossyWall.swift; sourceTree = "<group>"; };
		A5A9688E1EEACE9D00A509DB /* PlatformNode.swift */ = {isa = PBXFileReference; fileEncoding = 4; lastKnownFileType = sourcecode.swift; path = PlatformNode.swift; sourceTree = "<group>"; };
		A5A9688F1EEACE9D00A509DB /* RockNode.swift */ = {isa = PBXFileReference; fileEncoding = 4; lastKnownFileType = sourcecode.swift; path = RockNode.swift; sourceTree = "<group>"; };
		A5A968901EEACE9D00A509DB /* RotarySlider.swift */ = {isa = PBXFileReference; fileEncoding = 4; lastKnownFileType = sourcecode.swift; path = RotarySlider.swift; sourceTree = "<group>"; };
		A5A968911EEACE9D00A509DB /* SlidingPlatform.swift */ = {isa = PBXFileReference; fileEncoding = 4; lastKnownFileType = sourcecode.swift; path = SlidingPlatform.swift; sourceTree = "<group>"; };
		A5A968921EEACE9D00A509DB /* StonePlatform.swift */ = {isa = PBXFileReference; fileEncoding = 4; lastKnownFileType = sourcecode.swift; path = StonePlatform.swift; sourceTree = "<group>"; };
		A5A968931EEACE9D00A509DB /* TreasureChestNode.swift */ = {isa = PBXFileReference; fileEncoding = 4; lastKnownFileType = sourcecode.swift; path = TreasureChestNode.swift; sourceTree = "<group>"; };
		A5A968941EEACE9D00A509DB /* VerticalSlidingPlatform.swift */ = {isa = PBXFileReference; fileEncoding = 4; lastKnownFileType = sourcecode.swift; path = VerticalSlidingPlatform.swift; sourceTree = "<group>"; };
		A5A968961EEACE9D00A509DB /* LevelCompleteLabel.swift */ = {isa = PBXFileReference; fileEncoding = 4; lastKnownFileType = sourcecode.swift; path = LevelCompleteLabel.swift; sourceTree = "<group>"; };
		A5A968971EEACE9D00A509DB /* LevelCompleteNode.swift */ = {isa = PBXFileReference; fileEncoding = 4; lastKnownFileType = sourcecode.swift; path = LevelCompleteNode.swift; sourceTree = "<group>"; };
		A5A968981EEACE9D00A509DB /* RewindSelector.swift */ = {isa = PBXFileReference; fileEncoding = 4; lastKnownFileType = sourcecode.swift; path = RewindSelector.swift; sourceTree = "<group>"; };
		A5A968991EEACE9D00A509DB /* WeaponSelector.swift */ = {isa = PBXFileReference; fileEncoding = 4; lastKnownFileType = sourcecode.swift; path = WeaponSelector.swift; sourceTree = "<group>"; };
		A5A9689B1EEACE9D00A509DB /* ArrowNode.swift */ = {isa = PBXFileReference; fileEncoding = 4; lastKnownFileType = sourcecode.swift; path = ArrowNode.swift; sourceTree = "<group>"; };
		A5A9689C1EEACE9D00A509DB /* GravityProjectile.swift */ = {isa = PBXFileReference; fileEncoding = 4; lastKnownFileType = sourcecode.swift; path = GravityProjectile.swift; sourceTree = "<group>"; };
		A5A968B71EEACF1500A509DB /* Level4.swift */ = {isa = PBXFileReference; fileEncoding = 4; lastKnownFileType = sourcecode.swift; path = Level4.swift; sourceTree = "<group>"; };
		A5A968BA1EEACF5D00A509DB /* Level0.sks */ = {isa = PBXFileReference; lastKnownFileType = file.sks; path = Level0.sks; sourceTree = "<group>"; };
		A5A968BB1EEACF5D00A509DB /* Level1.sks */ = {isa = PBXFileReference; lastKnownFileType = file.sks; path = Level1.sks; sourceTree = "<group>"; };
		A5A968BC1EEACF5D00A509DB /* Level2.sks */ = {isa = PBXFileReference; lastKnownFileType = file.sks; path = Level2.sks; sourceTree = "<group>"; };
		A5A968BE1EEACF5D00A509DB /* ForegroundLayer2.sks */ = {isa = PBXFileReference; lastKnownFileType = file.sks; path = ForegroundLayer2.sks; sourceTree = "<group>"; };
		A5A968BF1EEACF5D00A509DB /* ForegroundLayer3.sks */ = {isa = PBXFileReference; lastKnownFileType = file.sks; path = ForegroundLayer3.sks; sourceTree = "<group>"; };
		A5A968C01EEACF5D00A509DB /* Level3.sks */ = {isa = PBXFileReference; lastKnownFileType = file.sks; path = Level3.sks; sourceTree = "<group>"; };
		A5A968C91EEACFC700A509DB /* Level4.sks */ = {isa = PBXFileReference; lastKnownFileType = file.sks; path = Level4.sks; sourceTree = "<group>"; };
		A5AB74031F117D40001840D7 /* SpriteConfiguration.swift */ = {isa = PBXFileReference; fileEncoding = 4; lastKnownFileType = sourcecode.swift; path = SpriteConfiguration.swift; sourceTree = "<group>"; };
		A5ACBA691F2D014700CB83E4 /* BorderNode.swift */ = {isa = PBXFileReference; lastKnownFileType = sourcecode.swift; path = BorderNode.swift; sourceTree = "<group>"; };
		A5AFBA1B1E1828F200CE29E9 /* SKTexture+Extensions.swift */ = {isa = PBXFileReference; fileEncoding = 4; lastKnownFileType = sourcecode.swift; path = "SKTexture+Extensions.swift"; sourceTree = "<group>"; };
		A5B58EB31E09DC4900ADC865 /* Rose.app */ = {isa = PBXFileReference; explicitFileType = wrapper.application; includeInIndex = 0; path = Rose.app; sourceTree = BUILT_PRODUCTS_DIR; };
		A5B58EB61E09DC4900ADC865 /* AppDelegate.swift */ = {isa = PBXFileReference; lastKnownFileType = sourcecode.swift; path = AppDelegate.swift; sourceTree = "<group>"; };
		A5B58EBE1E09DC4900ADC865 /* GameViewController.swift */ = {isa = PBXFileReference; lastKnownFileType = sourcecode.swift; path = GameViewController.swift; sourceTree = "<group>"; };
		A5B58EC11E09DC4900ADC865 /* Base */ = {isa = PBXFileReference; lastKnownFileType = file.storyboard; name = Base; path = Base.lproj/Main.storyboard; sourceTree = "<group>"; };
		A5B58EC31E09DC4900ADC865 /* Assets.xcassets */ = {isa = PBXFileReference; lastKnownFileType = folder.assetcatalog; path = Assets.xcassets; sourceTree = "<group>"; };
		A5B58EC61E09DC4900ADC865 /* Base */ = {isa = PBXFileReference; lastKnownFileType = file.storyboard; name = Base; path = Base.lproj/LaunchScreen.storyboard; sourceTree = "<group>"; };
		A5B58EC81E09DC4900ADC865 /* Info.plist */ = {isa = PBXFileReference; lastKnownFileType = text.plist.xml; path = Info.plist; sourceTree = "<group>"; };
		A5BE41371F276AFA0052E56A /* WaterSplash.sks */ = {isa = PBXFileReference; lastKnownFileType = file.sks; path = WaterSplash.sks; sourceTree = "<group>"; };
		A5BE41381F276AFA0052E56A /* Assets.xcassets */ = {isa = PBXFileReference; lastKnownFileType = folder.assetcatalog; path = Assets.xcassets; sourceTree = "<group>"; };
		A5BE413F1F276DFD0052E56A /* WaterReflection.fsh */ = {isa = PBXFileReference; fileEncoding = 4; lastKnownFileType = sourcecode.glsl; path = WaterReflection.fsh; sourceTree = "<group>"; };
		A5E3150E1E2166F100D3652C /* SKScene+Extensions.swift */ = {isa = PBXFileReference; fileEncoding = 4; lastKnownFileType = sourcecode.swift; path = "SKScene+Extensions.swift"; sourceTree = "<group>"; };
		A5EE58CC1E5F1BB700D3D25B /* SKSpriteNode+Extensions.swift */ = {isa = PBXFileReference; fileEncoding = 4; lastKnownFileType = sourcecode.swift; path = "SKSpriteNode+Extensions.swift"; sourceTree = "<group>"; };
/* End PBXFileReference section */

/* Begin PBXFrameworksBuildPhase section */
		A5B58EB01E09DC4900ADC865 /* Frameworks */ = {
			isa = PBXFrameworksBuildPhase;
			buildActionMask = 2147483647;
			files = (
			);
			runOnlyForDeploymentPostprocessing = 0;
		};
/* End PBXFrameworksBuildPhase section */

/* Begin PBXGroup section */
		A5674C291EE81E3D00D29F2B /* Shaders */ = {
			isa = PBXGroup;
			children = (
				A5674C2A1EE81E3D00D29F2B /* wave.fsh */,
				A5BE413F1F276DFD0052E56A /* WaterReflection.fsh */,
			);
			path = Shaders;
			sourceTree = "<group>";
		};
		A59FB6891E0A088A00D1C915 /* SKTUtils */ = {
			isa = PBXGroup;
			children = (
				A59152C71EDC608A00F90D5E /* Assert+SKNode.swift */,
				A59FB68A1E0A088A00D1C915 /* CGFloat+Extensions.swift */,
				A59FB68B1E0A088A00D1C915 /* CGPoint+Extensions.swift */,
				A59FB6AB1E0A257500D1C915 /* CGSize+Extensions.swift */,
				A59FB68C1E0A088A00D1C915 /* CGVector+Extensions.swift */,
				A59FB68D1E0A088A00D1C915 /* Int+Extensions.swift */,
				A56B423F1F296ACD007A9ADB /* NSDictionary+Extensions.swift */,
				A59FB68E1E0A088A00D1C915 /* SKAction+Extensions.swift */,
				A59FB68F1E0A088A00D1C915 /* SKAction+SpecialEffects.swift */,
				A59FB6901E0A088A00D1C915 /* SKColor+Extensions.swift */,
				A59FB6911E0A088A00D1C915 /* SKNode+Extensions.swift */,
				A5E3150E1E2166F100D3652C /* SKScene+Extensions.swift */,
				A5EE58CC1E5F1BB700D3D25B /* SKSpriteNode+Extensions.swift */,
				A59FB6921E0A088A00D1C915 /* SKTAudio.swift */,
				A59FB6931E0A088A00D1C915 /* SKTEffects.swift */,
				A5AFBA1B1E1828F200CE29E9 /* SKTexture+Extensions.swift */,
				A59FB6941E0A088A00D1C915 /* SKTTimingFunctions.swift */,
				A59FB6951E0A088A00D1C915 /* Vector3.swift */,
				A56B42411F2A1253007A9ADB /* Array+Extensions.swift */,
			);
			path = SKTUtils;
			sourceTree = "<group>";
		};
		A5A968161EEAC80500A509DB /* Scenes */ = {
			isa = PBXGroup;
			children = (
				A5A968B91EEACF5D00A509DB /* Levels */,
				A5A968171EEAC80500A509DB /* Labels */,
				A5A968211EEAC80500A509DB /* Particles */,
				A5A968251EEAC80500A509DB /* Sprites */,
			);
			path = Scenes;
			sourceTree = "<group>";
		};
		A5A968171EEAC80500A509DB /* Labels */ = {
			isa = PBXGroup;
			children = (
				A5A968181EEAC80500A509DB /* LevelCompleteLabel.sks */,
				A5A968191EEAC80500A509DB /* WeaponSelector.sks */,
			);
			path = Labels;
			sourceTree = "<group>";
		};
		A5A968211EEAC80500A509DB /* Particles */ = {
			isa = PBXGroup;
			children = (
				A5A968221EEAC80500A509DB /* Blood.sks */,
				A5A968231EEAC80500A509DB /* GravityProjectileTail.sks */,
				A5A968241EEAC80500A509DB /* LavaParticle.sks */,
				A5BE41371F276AFA0052E56A /* WaterSplash.sks */,
				A5BE41381F276AFA0052E56A /* Assets.xcassets */,
			);
			path = Particles;
			sourceTree = "<group>";
		};
		A5A968251EEAC80500A509DB /* Sprites */ = {
			isa = PBXGroup;
			children = (
				A5A968261EEAC80500A509DB /* BreakableRocks.sks */,
				A5A968271EEAC80500A509DB /* BreakableStones1.sks */,
				A5A968281EEAC80500A509DB /* BreakableStones2.sks */,
				A5A968291EEAC80500A509DB /* ChainedRotary.sks */,
				A5A9682A1EEAC80500A509DB /* Floor.sks */,
				A5A9682B1EEAC80500A509DB /* GravityProjectile.sks */,
				A5A9682C1EEAC80500A509DB /* LavaSection.sks */,
				A5A9682D1EEAC80500A509DB /* MossyWall.sks */,
				A5A9682E1EEAC80500A509DB /* Platform2.sks */,
				A5A9682F1EEAC80500A509DB /* Rose.sks */,
				A5A968301EEAC80500A509DB /* RotarySlider.sks */,
				A5A968311EEAC80500A509DB /* RotatingGear.sks */,
				A5A968321EEAC80500A509DB /* SlidingPlatform.sks */,
				A5A968331EEAC80500A509DB /* Snake.sks */,
				A5A968341EEAC80500A509DB /* StonePlatform.sks */,
				A5A968351EEAC80500A509DB /* VerticalRotarySlider.sks */,
				A5A968361EEAC80500A509DB /* VerticalSlidingPlatform.sks */,
				A5A968371EEAC80500A509DB /* Viking.sks */,
				A5A968381EEAC80500A509DB /* Wizard.sks */,
				A55417891F0D0FFC00A2CFE8 /* WaterScene.sks */,
				A5840A9B1F11266F00659404 /* SwingingPlatform.sks */,
			);
			path = Sprites;
			sourceTree = "<group>";
		};
		A5A968571EEAC99C00A509DB /* Game */ = {
			isa = PBXGroup;
			children = (
				A5A968581EEAC99C00A509DB /* GameScene.swift */,
				A5A968591EEAC99C00A509DB /* Level0.swift */,
				A5A9685A1EEAC99C00A509DB /* Level1.swift */,
				A5A9685B1EEAC99C00A509DB /* Level2.swift */,
				A5A9685C1EEAC99C00A509DB /* Level3.swift */,
				A5A968B71EEACF1500A509DB /* Level4.swift */,
			);
			path = Game;
			sourceTree = "<group>";
		};
		A5A968631EEACB8900A509DB /* Protocols */ = {
			isa = PBXGroup;
			children = (
				A5A968641EEACB8900A509DB /* Game.swift */,
				A5A968651EEACB8900A509DB /* GameLevel.swift */,
				A5A968661EEACB8900A509DB /* GameLoopListener.swift */,
				A5A968671EEACB8900A509DB /* GestureInteractive.swift */,
				A5A968681EEACB8900A509DB /* GravityStateTracker.swift */,
				A5A968691EEACB8900A509DB /* HeroBehaviorProtocols.swift */,
				A5A9686A1EEACB8900A509DB /* InFlightTrackable.swift */,
				A5A9686B1EEACB8900A509DB /* LifecycleEmitter.swift */,
				A5A9686C1EEACB8900A509DB /* LifecycleListener.swift */,
				A5A9686D1EEACB8900A509DB /* Obstacle.swift */,
				A5AB74031F117D40001840D7 /* SpriteConfiguration.swift */,
			);
			path = Protocols;
			sourceTree = "<group>";
		};
		A5A968781EEACDD800A509DB /* Engine */ = {
			isa = PBXGroup;
			children = (
				A5A968791EEACDD800A509DB /* Definitions.swift */,
				A5A9687A1EEACDD800A509DB /* ParticleFactory.swift */,
			);
			path = Engine;
			sourceTree = "<group>";
		};
		A5A9687D1EEACE9D00A509DB /* Sprites */ = {
			isa = PBXGroup;
			children = (
				A5A9687E1EEACE9D00A509DB /* Characters */,
				A5A968851EEACE9D00A509DB /* Environment */,
				A5A968951EEACE9D00A509DB /* HUD */,
				A5A9689A1EEACE9D00A509DB /* Projectiles */,
			);
			path = Sprites;
			sourceTree = "<group>";
		};
		A5A9687E1EEACE9D00A509DB /* Characters */ = {
			isa = PBXGroup;
			children = (
				A5A9687F1EEACE9D00A509DB /* Enemies */,
				A5A968831EEACE9D00A509DB /* RoseNode.swift */,
				A5A968841EEACE9D00A509DB /* WizardNode.swift */,
			);
			path = Characters;
			sourceTree = "<group>";
		};
		A5A9687F1EEACE9D00A509DB /* Enemies */ = {
			isa = PBXGroup;
			children = (
				A5A968801EEACE9D00A509DB /* Enemy.swift */,
				A5A968811EEACE9D00A509DB /* SnakeNode.swift */,
				A5A968821EEACE9D00A509DB /* VikingNode.swift */,
				A56B423D1F296114007A9ADB /* ProjectileNode.swift */,
			);
			path = Enemies;
			sourceTree = "<group>";
		};
		A5A968851EEACE9D00A509DB /* Environment */ = {
			isa = PBXGroup;
			children = (
				A5A968861EEACE9D00A509DB /* BloodNode.swift */,
				A5A968871EEACE9D00A509DB /* BreakableRocksNode.swift */,
				A5A968881EEACE9D00A509DB /* BreakableStoneStructure.swift */,
				A5A968891EEACE9D00A509DB /* ChainedRotary.swift */,
				A5A9688A1EEACE9D00A509DB /* DestructibleStone.swift */,
				A5A9688B1EEACE9D00A509DB /* GroundNode.swift */,
				A5A9688C1EEACE9D00A509DB /* LavaSection.swift */,
				A5A9688D1EEACE9D00A509DB /* MossyWall.swift */,
				A5A9688E1EEACE9D00A509DB /* PlatformNode.swift */,
				A5A9688F1EEACE9D00A509DB /* RockNode.swift */,
				A5A968901EEACE9D00A509DB /* RotarySlider.swift */,
				A5A968911EEACE9D00A509DB /* SlidingPlatform.swift */,
				A5A968921EEACE9D00A509DB /* StonePlatform.swift */,
				A5A968931EEACE9D00A509DB /* TreasureChestNode.swift */,
				A5A968941EEACE9D00A509DB /* VerticalSlidingPlatform.swift */,
				A53CB1CB1F0D9F0B000B9C64 /* WaterSceneNode.swift */,
				A5855E5C1F112FE100A34344 /* SwingingPlatformNode.swift */,
				A5ACBA691F2D014700CB83E4 /* BorderNode.swift */,
			);
			path = Environment;
			sourceTree = "<group>";
		};
		A5A968951EEACE9D00A509DB /* HUD */ = {
			isa = PBXGroup;
			children = (
				A5A968961EEACE9D00A509DB /* LevelCompleteLabel.swift */,
				A5A968971EEACE9D00A509DB /* LevelCompleteNode.swift */,
				A5A968981EEACE9D00A509DB /* RewindSelector.swift */,
				A5A968991EEACE9D00A509DB /* WeaponSelector.swift */,
			);
			path = HUD;
			sourceTree = "<group>";
		};
		A5A9689A1EEACE9D00A509DB /* Projectiles */ = {
			isa = PBXGroup;
			children = (
				A5A9689B1EEACE9D00A509DB /* ArrowNode.swift */,
				A5A9689C1EEACE9D00A509DB /* GravityProjectile.swift */,
			);
			path = Projectiles;
			sourceTree = "<group>";
		};
		A5A968B91EEACF5D00A509DB /* Levels */ = {
			isa = PBXGroup;
			children = (
				A5A968C81EEACFB600A509DB /* Level4 */,
				A5A968BA1EEACF5D00A509DB /* Level0.sks */,
				A5A968BB1EEACF5D00A509DB /* Level1.sks */,
				A5A968BC1EEACF5D00A509DB /* Level2.sks */,
				A5A968BD1EEACF5D00A509DB /* Level3 */,
			);
			path = Levels;
			sourceTree = "<group>";
		};
		A5A968BD1EEACF5D00A509DB /* Level3 */ = {
			isa = PBXGroup;
			children = (
				A5A968BE1EEACF5D00A509DB /* ForegroundLayer2.sks */,
				A5A968BF1EEACF5D00A509DB /* ForegroundLayer3.sks */,
				A5A968C01EEACF5D00A509DB /* Level3.sks */,
			);
			path = Level3;
			sourceTree = "<group>";
		};
		A5A968C81EEACFB600A509DB /* Level4 */ = {
			isa = PBXGroup;
			children = (
				A5A968C91EEACFC700A509DB /* Level4.sks */,
			);
			path = Level4;
			sourceTree = "<group>";
		};
		A5B58EAA1E09DC4900ADC865 = {
			isa = PBXGroup;
			children = (
				A5B58EB51E09DC4900ADC865 /* GravityWizard2 */,
				A5B58EB41E09DC4900ADC865 /* Products */,
			);
			sourceTree = "<group>";
		};
		A5B58EB41E09DC4900ADC865 /* Products */ = {
			isa = PBXGroup;
			children = (
				A5B58EB31E09DC4900ADC865 /* Rose.app */,
			);
			name = Products;
			sourceTree = "<group>";
		};
		A5B58EB51E09DC4900ADC865 /* GravityWizard2 */ = {
			isa = PBXGroup;
			children = (
				A5A9687D1EEACE9D00A509DB /* Sprites */,
				A5A968781EEACDD800A509DB /* Engine */,
				A5A968631EEACB8900A509DB /* Protocols */,
				A5A968571EEAC99C00A509DB /* Game */,
				A5A968161EEAC80500A509DB /* Scenes */,
				A5674C291EE81E3D00D29F2B /* Shaders */,
				A59FB6891E0A088A00D1C915 /* SKTUtils */,
				A5B58EB61E09DC4900ADC865 /* AppDelegate.swift */,
				A5B58EBE1E09DC4900ADC865 /* GameViewController.swift */,
				A5B58EC01E09DC4900ADC865 /* Main.storyboard */,
				A5B58EC31E09DC4900ADC865 /* Assets.xcassets */,
				A5B58EC51E09DC4900ADC865 /* LaunchScreen.storyboard */,
				A5B58EC81E09DC4900ADC865 /* Info.plist */,
			);
			path = GravityWizard2;
			sourceTree = "<group>";
		};
/* End PBXGroup section */

/* Begin PBXNativeTarget section */
		A5B58EB21E09DC4900ADC865 /* GravityWizard2 */ = {
			isa = PBXNativeTarget;
			buildConfigurationList = A5B58ECB1E09DC4900ADC865 /* Build configuration list for PBXNativeTarget "GravityWizard2" */;
			buildPhases = (
				A5B58EAF1E09DC4900ADC865 /* Sources */,
				A5B58EB01E09DC4900ADC865 /* Frameworks */,
				A5B58EB11E09DC4900ADC865 /* Resources */,
			);
			buildRules = (
			);
			dependencies = (
			);
			name = GravityWizard2;
			productName = GravityWizard2;
			productReference = A5B58EB31E09DC4900ADC865 /* Rose.app */;
			productType = "com.apple.product-type.application";
		};
/* End PBXNativeTarget section */

/* Begin PBXProject section */
		A5B58EAB1E09DC4900ADC865 /* Project object */ = {
			isa = PBXProject;
			attributes = {
				LastSwiftUpdateCheck = 0820;
				LastUpgradeCheck = 0900;
				ORGANIZATIONNAME = "scott mehus";
				TargetAttributes = {
					A5B58EB21E09DC4900ADC865 = {
						CreatedOnToolsVersion = 8.2;
						DevelopmentTeam = 4HWQ95CTCF;
						LastSwiftMigration = 0900;
						ProvisioningStyle = Automatic;
					};
				};
			};
			buildConfigurationList = A5B58EAE1E09DC4900ADC865 /* Build configuration list for PBXProject "GravityWizard2" */;
			compatibilityVersion = "Xcode 3.2";
			developmentRegion = English;
			hasScannedForEncodings = 0;
			knownRegions = (
				en,
				Base,
			);
			mainGroup = A5B58EAA1E09DC4900ADC865;
			productRefGroup = A5B58EB41E09DC4900ADC865 /* Products */;
			projectDirPath = "";
			projectRoot = "";
			targets = (
				A5B58EB21E09DC4900ADC865 /* GravityWizard2 */,
			);
		};
/* End PBXProject section */

/* Begin PBXResourcesBuildPhase section */
		A5B58EB11E09DC4900ADC865 /* Resources */ = {
			isa = PBXResourcesBuildPhase;
			buildActionMask = 2147483647;
			files = (
				A5A968431EEAC80500A509DB /* LavaParticle.sks in Resources */,
				A5A968541EEAC80500A509DB /* VerticalSlidingPlatform.sks in Resources */,
				A5BE41391F276AFA0052E56A /* WaterSplash.sks in Resources */,
				A5A9684B1EEAC80500A509DB /* MossyWall.sks in Resources */,
				A5A968511EEAC80500A509DB /* Snake.sks in Resources */,
				A5A9683A1EEAC80500A509DB /* WeaponSelector.sks in Resources */,
				A5A968521EEAC80500A509DB /* StonePlatform.sks in Resources */,
				A554178A1F0D0FFC00A2CFE8 /* WaterScene.sks in Resources */,
				A5A968421EEAC80500A509DB /* GravityProjectileTail.sks in Resources */,
				A5A968C51EEACF5D00A509DB /* ForegroundLayer3.sks in Resources */,
				A5674C2B1EE81E3D00D29F2B /* wave.fsh in Resources */,
				A5B58EC21E09DC4900ADC865 /* Main.storyboard in Resources */,
				A5A9684D1EEAC80500A509DB /* Rose.sks in Resources */,
				A5A968501EEAC80500A509DB /* SlidingPlatform.sks in Resources */,
				A5A968471EEAC80500A509DB /* ChainedRotary.sks in Resources */,
				A5A968561EEAC80500A509DB /* Wizard.sks in Resources */,
				A5A9684C1EEAC80500A509DB /* Platform2.sks in Resources */,
				A5A968C21EEACF5D00A509DB /* Level1.sks in Resources */,
				A5A968C61EEACF5D00A509DB /* Level3.sks in Resources */,
				A5BE413A1F276AFA0052E56A /* Assets.xcassets in Resources */,
				A5A968411EEAC80500A509DB /* Blood.sks in Resources */,
				A5840A9C1F11266F00659404 /* SwingingPlatform.sks in Resources */,
				A5A9684A1EEAC80500A509DB /* LavaSection.sks in Resources */,
				A5A968461EEAC80500A509DB /* BreakableStones2.sks in Resources */,
				A5A968451EEAC80500A509DB /* BreakableStones1.sks in Resources */,
				A5A9684E1EEAC80500A509DB /* RotarySlider.sks in Resources */,
				A5A968C31EEACF5D00A509DB /* Level2.sks in Resources */,
				A5B58EC41E09DC4900ADC865 /* Assets.xcassets in Resources */,
				A5A968CA1EEACFC700A509DB /* Level4.sks in Resources */,
				A5A968531EEAC80500A509DB /* VerticalRotarySlider.sks in Resources */,
				A5A968481EEAC80500A509DB /* Floor.sks in Resources */,
				A5B58EC71E09DC4900ADC865 /* LaunchScreen.storyboard in Resources */,
				A5BE41401F276DFD0052E56A /* WaterReflection.fsh in Resources */,
				A5A9684F1EEAC80500A509DB /* RotatingGear.sks in Resources */,
				A5A968551EEAC80500A509DB /* Viking.sks in Resources */,
				A5A968441EEAC80500A509DB /* BreakableRocks.sks in Resources */,
				A5A968C11EEACF5D00A509DB /* Level0.sks in Resources */,
				A5A968C41EEACF5D00A509DB /* ForegroundLayer2.sks in Resources */,
				A5A968391EEAC80500A509DB /* LevelCompleteLabel.sks in Resources */,
				A5A968491EEAC80500A509DB /* GravityProjectile.sks in Resources */,
			);
			runOnlyForDeploymentPostprocessing = 0;
		};
/* End PBXResourcesBuildPhase section */

/* Begin PBXSourcesBuildPhase section */
		A5B58EAF1E09DC4900ADC865 /* Sources */ = {
			isa = PBXSourcesBuildPhase;
			buildActionMask = 2147483647;
			files = (
				A5A9689E1EEACE9D00A509DB /* SnakeNode.swift in Sources */,
				A5A968B01EEACE9D00A509DB /* VerticalSlidingPlatform.swift in Sources */,
				A5A9689D1EEACE9D00A509DB /* Enemy.swift in Sources */,
				A5A968A31EEACE9D00A509DB /* BreakableRocksNode.swift in Sources */,
				A5A968621EEACA0300A509DB /* GameScene.swift in Sources */,
				A5A9685F1EEAC99C00A509DB /* Level1.swift in Sources */,
				A5A968A81EEACE9D00A509DB /* LavaSection.swift in Sources */,
				A5A968B21EEACE9D00A509DB /* LevelCompleteNode.swift in Sources */,
				A5A9689F1EEACE9D00A509DB /* VikingNode.swift in Sources */,
				A5A968701EEACB8900A509DB /* GameLoopListener.swift in Sources */,
				A56B423E1F296114007A9ADB /* ProjectileNode.swift in Sources */,
				A59FB69C1E0A088A00D1C915 /* SKColor+Extensions.swift in Sources */,
				A5A968601EEAC99C00A509DB /* Level2.swift in Sources */,
				A5A968A21EEACE9D00A509DB /* BloodNode.swift in Sources */,
				A5A968A11EEACE9D00A509DB /* WizardNode.swift in Sources */,
				A59FB6A01E0A088A00D1C915 /* SKTTimingFunctions.swift in Sources */,
				A5A968B11EEACE9D00A509DB /* LevelCompleteLabel.swift in Sources */,
				A59FB69A1E0A088A00D1C915 /* SKAction+Extensions.swift in Sources */,
				A5A968711EEACB8900A509DB /* GestureInteractive.swift in Sources */,
				A5A968751EEACB8900A509DB /* LifecycleEmitter.swift in Sources */,
				A5A968611EEAC99C00A509DB /* Level3.swift in Sources */,
				A5A968AC1EEACE9D00A509DB /* RotarySlider.swift in Sources */,
				A59152C81EDC608A00F90D5E /* Assert+SKNode.swift in Sources */,
				A5A968A91EEACE9D00A509DB /* MossyWall.swift in Sources */,
				A59FB6981E0A088A00D1C915 /* CGVector+Extensions.swift in Sources */,
				A5A968A71EEACE9D00A509DB /* GroundNode.swift in Sources */,
				A56B42401F296ACD007A9ADB /* NSDictionary+Extensions.swift in Sources */,
				A5A968AE1EEACE9D00A509DB /* StonePlatform.swift in Sources */,
				A5A968B31EEACE9D00A509DB /* RewindSelector.swift in Sources */,
				A5EE58CD1E5F1BB700D3D25B /* SKSpriteNode+Extensions.swift in Sources */,
				A5A968AA1EEACE9D00A509DB /* PlatformNode.swift in Sources */,
				A59FB69E1E0A088A00D1C915 /* SKTAudio.swift in Sources */,
				A59FB6961E0A088A00D1C915 /* CGFloat+Extensions.swift in Sources */,
				A5A968AD1EEACE9D00A509DB /* SlidingPlatform.swift in Sources */,
				A5A968A61EEACE9D00A509DB /* DestructibleStone.swift in Sources */,
				A59FB69D1E0A088A00D1C915 /* SKNode+Extensions.swift in Sources */,
				A5A968721EEACB8900A509DB /* GravityStateTracker.swift in Sources */,
				A5A9687C1EEACDD800A509DB /* ParticleFactory.swift in Sources */,
				A5A968B81EEACF1500A509DB /* Level4.swift in Sources */,
				A59FB69F1E0A088A00D1C915 /* SKTEffects.swift in Sources */,
				A56B42421F2A1253007A9ADB /* Array+Extensions.swift in Sources */,
				A53CB1CC1F0D9F0B000B9C64 /* WaterSceneNode.swift in Sources */,
				A5A968AB1EEACE9D00A509DB /* RockNode.swift in Sources */,
				A5A968A51EEACE9D00A509DB /* ChainedRotary.swift in Sources */,
				A5A968741EEACB8900A509DB /* InFlightTrackable.swift in Sources */,
				A5B58EBF1E09DC4900ADC865 /* GameViewController.swift in Sources */,
				A5A968A01EEACE9D00A509DB /* RoseNode.swift in Sources */,
				A5A968B41EEACE9D00A509DB /* WeaponSelector.swift in Sources */,
				A5A968B51EEACE9D00A509DB /* ArrowNode.swift in Sources */,
				A5A968771EEACB8900A509DB /* Obstacle.swift in Sources */,
				A5A968B61EEACE9D00A509DB /* GravityProjectile.swift in Sources */,
				A5AFBA1C1E1828F200CE29E9 /* SKTexture+Extensions.swift in Sources */,
				A5A9686E1EEACB8900A509DB /* Game.swift in Sources */,
				A5A9686F1EEACB8900A509DB /* GameLevel.swift in Sources */,
				A59FB6991E0A088A00D1C915 /* Int+Extensions.swift in Sources */,
				A5ACBA6A1F2D014700CB83E4 /* BorderNode.swift in Sources */,
				A59FB6971E0A088A00D1C915 /* CGPoint+Extensions.swift in Sources */,
				A5E3150F1E2166F100D3652C /* SKScene+Extensions.swift in Sources */,
				A5A9687B1EEACDD800A509DB /* Definitions.swift in Sources */,
				A59FB6AC1E0A257600D1C915 /* CGSize+Extensions.swift in Sources */,
				A59FB69B1E0A088A00D1C915 /* SKAction+SpecialEffects.swift in Sources */,
				A5A9685E1EEAC99C00A509DB /* Level0.swift in Sources */,
				A5A968AF1EEACE9D00A509DB /* TreasureChestNode.swift in Sources */,
				A5855E5D1F112FE100A34344 /* SwingingPlatformNode.swift in Sources */,
				A5A968A41EEACE9D00A509DB /* BreakableStoneStructure.swift in Sources */,
				A5AB74041F117D40001840D7 /* SpriteConfiguration.swift in Sources */,
				A5A968761EEACB8900A509DB /* LifecycleListener.swift in Sources */,
				A5A968731EEACB8900A509DB /* HeroBehaviorProtocols.swift in Sources */,
				A59FB6A11E0A088A00D1C915 /* Vector3.swift in Sources */,
				A5B58EB71E09DC4900ADC865 /* AppDelegate.swift in Sources */,
			);
			runOnlyForDeploymentPostprocessing = 0;
		};
/* End PBXSourcesBuildPhase section */

/* Begin PBXVariantGroup section */
		A5B58EC01E09DC4900ADC865 /* Main.storyboard */ = {
			isa = PBXVariantGroup;
			children = (
				A5B58EC11E09DC4900ADC865 /* Base */,
			);
			name = Main.storyboard;
			sourceTree = "<group>";
		};
		A5B58EC51E09DC4900ADC865 /* LaunchScreen.storyboard */ = {
			isa = PBXVariantGroup;
			children = (
				A5B58EC61E09DC4900ADC865 /* Base */,
			);
			name = LaunchScreen.storyboard;
			sourceTree = "<group>";
		};
/* End PBXVariantGroup section */

/* Begin XCBuildConfiguration section */
		A5B58EC91E09DC4900ADC865 /* Debug */ = {
			isa = XCBuildConfiguration;
			buildSettings = {
				ALWAYS_SEARCH_USER_PATHS = NO;
				CLANG_ANALYZER_NONNULL = YES;
				CLANG_CXX_LANGUAGE_STANDARD = "gnu++0x";
				CLANG_CXX_LIBRARY = "libc++";
				CLANG_ENABLE_MODULES = YES;
				CLANG_ENABLE_OBJC_ARC = YES;
				CLANG_WARN_BLOCK_CAPTURE_AUTORELEASING = YES;
				CLANG_WARN_BOOL_CONVERSION = YES;
				CLANG_WARN_COMMA = YES;
				CLANG_WARN_CONSTANT_CONVERSION = YES;
				CLANG_WARN_DIRECT_OBJC_ISA_USAGE = YES_ERROR;
				CLANG_WARN_DOCUMENTATION_COMMENTS = YES;
				CLANG_WARN_EMPTY_BODY = YES;
				CLANG_WARN_ENUM_CONVERSION = YES;
				CLANG_WARN_INFINITE_RECURSION = YES;
				CLANG_WARN_INT_CONVERSION = YES;
				CLANG_WARN_NON_LITERAL_NULL_CONVERSION = YES;
				CLANG_WARN_OBJC_LITERAL_CONVERSION = YES;
				CLANG_WARN_OBJC_ROOT_CLASS = YES_ERROR;
				CLANG_WARN_RANGE_LOOP_ANALYSIS = YES;
				CLANG_WARN_STRICT_PROTOTYPES = YES;
				CLANG_WARN_SUSPICIOUS_MOVE = YES;
				CLANG_WARN_UNREACHABLE_CODE = YES;
				CLANG_WARN__DUPLICATE_METHOD_MATCH = YES;
				"CODE_SIGN_IDENTITY[sdk=iphoneos*]" = "iPhone Developer";
				COPY_PHASE_STRIP = NO;
				DEBUG_INFORMATION_FORMAT = dwarf;
				ENABLE_STRICT_OBJC_MSGSEND = YES;
				ENABLE_TESTABILITY = YES;
				GCC_C_LANGUAGE_STANDARD = gnu99;
				GCC_DYNAMIC_NO_PIC = NO;
				GCC_NO_COMMON_BLOCKS = YES;
				GCC_OPTIMIZATION_LEVEL = 0;
				GCC_PREPROCESSOR_DEFINITIONS = (
					"DEBUG=1",
					"$(inherited)",
				);
				GCC_WARN_64_TO_32_BIT_CONVERSION = YES;
				GCC_WARN_ABOUT_RETURN_TYPE = YES_ERROR;
				GCC_WARN_UNDECLARED_SELECTOR = YES;
				GCC_WARN_UNINITIALIZED_AUTOS = YES_AGGRESSIVE;
				GCC_WARN_UNUSED_FUNCTION = YES;
				GCC_WARN_UNUSED_VARIABLE = YES;
				IPHONEOS_DEPLOYMENT_TARGET = 10.2;
				MTL_ENABLE_DEBUG_INFO = YES;
				ONLY_ACTIVE_ARCH = YES;
				SDKROOT = iphoneos;
				SWIFT_ACTIVE_COMPILATION_CONDITIONS = DEBUG;
				SWIFT_OPTIMIZATION_LEVEL = "-Onone";
				SWIFT_SWIFT3_OBJC_INFERENCE = Default;
				TARGETED_DEVICE_FAMILY = "1,2";
			};
			name = Debug;
		};
		A5B58ECA1E09DC4900ADC865 /* Release */ = {
			isa = XCBuildConfiguration;
			buildSettings = {
				ALWAYS_SEARCH_USER_PATHS = NO;
				CLANG_ANALYZER_NONNULL = YES;
				CLANG_CXX_LANGUAGE_STANDARD = "gnu++0x";
				CLANG_CXX_LIBRARY = "libc++";
				CLANG_ENABLE_MODULES = YES;
				CLANG_ENABLE_OBJC_ARC = YES;
				CLANG_WARN_BLOCK_CAPTURE_AUTORELEASING = YES;
				CLANG_WARN_BOOL_CONVERSION = YES;
				CLANG_WARN_COMMA = YES;
				CLANG_WARN_CONSTANT_CONVERSION = YES;
				CLANG_WARN_DIRECT_OBJC_ISA_USAGE = YES_ERROR;
				CLANG_WARN_DOCUMENTATION_COMMENTS = YES;
				CLANG_WARN_EMPTY_BODY = YES;
				CLANG_WARN_ENUM_CONVERSION = YES;
				CLANG_WARN_INFINITE_RECURSION = YES;
				CLANG_WARN_INT_CONVERSION = YES;
				CLANG_WARN_NON_LITERAL_NULL_CONVERSION = YES;
				CLANG_WARN_OBJC_LITERAL_CONVERSION = YES;
				CLANG_WARN_OBJC_ROOT_CLASS = YES_ERROR;
				CLANG_WARN_RANGE_LOOP_ANALYSIS = YES;
				CLANG_WARN_STRICT_PROTOTYPES = YES;
				CLANG_WARN_SUSPICIOUS_MOVE = YES;
				CLANG_WARN_UNREACHABLE_CODE = YES;
				CLANG_WARN__DUPLICATE_METHOD_MATCH = YES;
				"CODE_SIGN_IDENTITY[sdk=iphoneos*]" = "iPhone Developer";
				COPY_PHASE_STRIP = NO;
				DEBUG_INFORMATION_FORMAT = "dwarf-with-dsym";
				ENABLE_NS_ASSERTIONS = NO;
				ENABLE_STRICT_OBJC_MSGSEND = YES;
				GCC_C_LANGUAGE_STANDARD = gnu99;
				GCC_NO_COMMON_BLOCKS = YES;
				GCC_WARN_64_TO_32_BIT_CONVERSION = YES;
				GCC_WARN_ABOUT_RETURN_TYPE = YES_ERROR;
				GCC_WARN_UNDECLARED_SELECTOR = YES;
				GCC_WARN_UNINITIALIZED_AUTOS = YES_AGGRESSIVE;
				GCC_WARN_UNUSED_FUNCTION = YES;
				GCC_WARN_UNUSED_VARIABLE = YES;
				IPHONEOS_DEPLOYMENT_TARGET = 10.2;
				MTL_ENABLE_DEBUG_INFO = NO;
				SDKROOT = iphoneos;
				SWIFT_OPTIMIZATION_LEVEL = "-Owholemodule";
				SWIFT_SWIFT3_OBJC_INFERENCE = Default;
				TARGETED_DEVICE_FAMILY = "1,2";
				VALIDATE_PRODUCT = YES;
			};
			name = Release;
		};
		A5B58ECC1E09DC4900ADC865 /* Debug */ = {
			isa = XCBuildConfiguration;
			buildSettings = {
				ASSETCATALOG_COMPILER_APPICON_NAME = AppIcon;
				DEVELOPMENT_TEAM = 4HWQ95CTCF;
				INFOPLIST_FILE = GravityWizard2/Info.plist;
				IPHONEOS_DEPLOYMENT_TARGET = 9.2;
				LD_RUNPATH_SEARCH_PATHS = "$(inherited) @executable_path/Frameworks";
				PRODUCT_BUNDLE_IDENTIFIER = com.mehus.GravityWizard2;
				PRODUCT_NAME = Rose;
				SWIFT_OPTIMIZATION_LEVEL = "-Onone";
				SWIFT_SWIFT3_OBJC_INFERENCE = On;
				SWIFT_VERSION = 4.0;
			};
			name = Debug;
		};
		A5B58ECD1E09DC4900ADC865 /* Release */ = {
			isa = XCBuildConfiguration;
			buildSettings = {
				ASSETCATALOG_COMPILER_APPICON_NAME = AppIcon;
				DEVELOPMENT_TEAM = 4HWQ95CTCF;
				INFOPLIST_FILE = GravityWizard2/Info.plist;
				IPHONEOS_DEPLOYMENT_TARGET = 9.2;
				LD_RUNPATH_SEARCH_PATHS = "$(inherited) @executable_path/Frameworks";
				PRODUCT_BUNDLE_IDENTIFIER = com.mehus.GravityWizard2;
				PRODUCT_NAME = Rose;
				SWIFT_SWIFT3_OBJC_INFERENCE = On;
				SWIFT_VERSION = 4.0;
			};
			name = Release;
		};
/* End XCBuildConfiguration section */

/* Begin XCConfigurationList section */
		A5B58EAE1E09DC4900ADC865 /* Build configuration list for PBXProject "GravityWizard2" */ = {
			isa = XCConfigurationList;
			buildConfigurations = (
				A5B58EC91E09DC4900ADC865 /* Debug */,
				A5B58ECA1E09DC4900ADC865 /* Release */,
			);
			defaultConfigurationIsVisible = 0;
			defaultConfigurationName = Release;
		};
		A5B58ECB1E09DC4900ADC865 /* Build configuration list for PBXNativeTarget "GravityWizard2" */ = {
			isa = XCConfigurationList;
			buildConfigurations = (
				A5B58ECC1E09DC4900ADC865 /* Debug */,
				A5B58ECD1E09DC4900ADC865 /* Release */,
			);
			defaultConfigurationIsVisible = 0;
			defaultConfigurationName = Release;
		};
/* End XCConfigurationList section */
	};
	rootObject = A5B58EAB1E09DC4900ADC865 /* Project object */;
}
